// !$*UTF8*$!
{
	archiveVersion = 1;
	classes = {
	};
	objectVersion = 51;
	objects = {

/* Begin PBXBuildFile section */
		71ABAD8024C324CF00E48992 /* AddCommsViewController.swift in Sources */ = {isa = PBXBuildFile; fileRef = 71ABAD7F24C324CF00E48992 /* AddCommsViewController.swift */; };
		71ABAD8224C324E700E48992 /* AddComms.storyboard in Resources */ = {isa = PBXBuildFile; fileRef = 71ABAD8124C324E700E48992 /* AddComms.storyboard */; };
		71ABAD8524C3254000E48992 /* AddCommsPresenter.swift in Sources */ = {isa = PBXBuildFile; fileRef = 71ABAD8424C3254000E48992 /* AddCommsPresenter.swift */; };
		71ABAD8724C3254D00E48992 /* AddCommsPresenterProtocol.swift in Sources */ = {isa = PBXBuildFile; fileRef = 71ABAD8624C3254D00E48992 /* AddCommsPresenterProtocol.swift */; };
		71ABAD8B24C325C300E48992 /* CommsDetailViewController.swift in Sources */ = {isa = PBXBuildFile; fileRef = 71ABAD8A24C325C300E48992 /* CommsDetailViewController.swift */; };
		71ABAD8D24C325D900E48992 /* CommsDetail.storyboard in Resources */ = {isa = PBXBuildFile; fileRef = 71ABAD8C24C325D900E48992 /* CommsDetail.storyboard */; };
		71ABAD9024C325F100E48992 /* CommsPresenter.swift in Sources */ = {isa = PBXBuildFile; fileRef = 71ABAD8F24C325F100E48992 /* CommsPresenter.swift */; };
		71ABAD9224C325FD00E48992 /* CommsPresenterProtocol.swift in Sources */ = {isa = PBXBuildFile; fileRef = 71ABAD9124C325FD00E48992 /* CommsPresenterProtocol.swift */; };
		71ABAD9424C3267C00E48992 /* CommsListViewController.swift in Sources */ = {isa = PBXBuildFile; fileRef = 71ABAD9324C3267C00E48992 /* CommsListViewController.swift */; };
		71ABAD9624C3269600E48992 /* CommsList.storyboard in Resources */ = {isa = PBXBuildFile; fileRef = 71ABAD9524C3269600E48992 /* CommsList.storyboard */; };
		71ABADAE24C57EDF00E48992 /* IosSummerProjectTests.swift in Sources */ = {isa = PBXBuildFile; fileRef = 71ABADAD24C57EDF00E48992 /* IosSummerProjectTests.swift */; };
		A491B82324CEC9380069559A /* AddTagsViewController.swift in Sources */ = {isa = PBXBuildFile; fileRef = A491B82224CEC9380069559A /* AddTagsViewController.swift */; };
		A491B82524CEC9570069559A /* AddTags.storyboard in Resources */ = {isa = PBXBuildFile; fileRef = A491B82424CEC9570069559A /* AddTags.storyboard */; };
		A4CAC70D24CE02BC008D00B6 /* PreviewTagCell.swift in Sources */ = {isa = PBXBuildFile; fileRef = A4CAC70C24CE02BC008D00B6 /* PreviewTagCell.swift */; };
		A4E8F09024C0FC5C00B7A26F /* AppDelegate.swift in Sources */ = {isa = PBXBuildFile; fileRef = A4E8F08F24C0FC5C00B7A26F /* AppDelegate.swift */; };
		A4E8F09224C0FC5C00B7A26F /* SceneDelegate.swift in Sources */ = {isa = PBXBuildFile; fileRef = A4E8F09124C0FC5C00B7A26F /* SceneDelegate.swift */; };
		A4E8F09424C0FC5C00B7A26F /* ViewController.swift in Sources */ = {isa = PBXBuildFile; fileRef = A4E8F09324C0FC5C00B7A26F /* ViewController.swift */; };
		A4E8F09724C0FC5C00B7A26F /* Main.storyboard in Resources */ = {isa = PBXBuildFile; fileRef = A4E8F09524C0FC5C00B7A26F /* Main.storyboard */; };
		A4E8F09924C0FC5E00B7A26F /* Assets.xcassets in Resources */ = {isa = PBXBuildFile; fileRef = A4E8F09824C0FC5E00B7A26F /* Assets.xcassets */; };
		A4E8F09C24C0FC5E00B7A26F /* LaunchScreen.storyboard in Resources */ = {isa = PBXBuildFile; fileRef = A4E8F09A24C0FC5E00B7A26F /* LaunchScreen.storyboard */; };
		A4E8F0A824C0FD3300B7A26F /* Coordinator.swift in Sources */ = {isa = PBXBuildFile; fileRef = A4E8F0A724C0FD3300B7A26F /* Coordinator.swift */; };
		A4E8F0AA24C0FD3F00B7A26F /* AppCoordinator.swift in Sources */ = {isa = PBXBuildFile; fileRef = A4E8F0A924C0FD3F00B7A26F /* AppCoordinator.swift */; };
		A4E8F0AC24C0FD5100B7A26F /* StoryBoarded.swift in Sources */ = {isa = PBXBuildFile; fileRef = A4E8F0AB24C0FD5100B7A26F /* StoryBoarded.swift */; };
		A4E8F0AF24C0FD6B00B7A26F /* Constants.swift in Sources */ = {isa = PBXBuildFile; fileRef = A4E8F0AE24C0FD6B00B7A26F /* Constants.swift */; };
		A4E8F0B724C1001B00B7A26F /* CommsCoordinator.swift in Sources */ = {isa = PBXBuildFile; fileRef = A4E8F0B624C1001B00B7A26F /* CommsCoordinator.swift */; };
		A4E8F0B924C1002E00B7A26F /* CommsListPresenterProcol.swift in Sources */ = {isa = PBXBuildFile; fileRef = A4E8F0B824C1002E00B7A26F /* CommsListPresenterProcol.swift */; };
		A4E8F0BB24C1004600B7A26F /* CommsListPresenter.swift in Sources */ = {isa = PBXBuildFile; fileRef = A4E8F0BA24C1004600B7A26F /* CommsListPresenter.swift */; };
		A4E8F0DB24C1067B00B7A26F /* BrowseTagsCoordinator.swift in Sources */ = {isa = PBXBuildFile; fileRef = A4E8F0DA24C1067B00B7A26F /* BrowseTagsCoordinator.swift */; };
		A4E8F0DD24C1069100B7A26F /* BrowseTagsPresenter.swift in Sources */ = {isa = PBXBuildFile; fileRef = A4E8F0DC24C1069100B7A26F /* BrowseTagsPresenter.swift */; };
		A4E8F0DF24C106A500B7A26F /* BrowseTagsPresenterProtocol.swift in Sources */ = {isa = PBXBuildFile; fileRef = A4E8F0DE24C106A500B7A26F /* BrowseTagsPresenterProtocol.swift */; };
		A4E8F0E124C106BE00B7A26F /* BrowseTagsViewController.swift in Sources */ = {isa = PBXBuildFile; fileRef = A4E8F0E024C106BE00B7A26F /* BrowseTagsViewController.swift */; };
		A4E8F0E324C106CA00B7A26F /* BrowseTags.storyboard in Resources */ = {isa = PBXBuildFile; fileRef = A4E8F0E224C106CA00B7A26F /* BrowseTags.storyboard */; };
		A4E8F0E824C1079200B7A26F /* EditTagsPresenter.swift in Sources */ = {isa = PBXBuildFile; fileRef = A4E8F0E724C1079200B7A26F /* EditTagsPresenter.swift */; };
		A4E8F0EA24C107A000B7A26F /* EditTagsPresenterProtocol.swift in Sources */ = {isa = PBXBuildFile; fileRef = A4E8F0E924C107A000B7A26F /* EditTagsPresenterProtocol.swift */; };
		A4E8F0EC24C107B800B7A26F /* EditTagsViewController.swift in Sources */ = {isa = PBXBuildFile; fileRef = A4E8F0EB24C107B800B7A26F /* EditTagsViewController.swift */; };
		A4E8F0EE24C107C200B7A26F /* EditTags.storyboard in Resources */ = {isa = PBXBuildFile; fileRef = A4E8F0ED24C107C200B7A26F /* EditTags.storyboard */; };
		A4E8F0F324C1088300B7A26F /* AddTagPresenter.swift in Sources */ = {isa = PBXBuildFile; fileRef = A4E8F0F224C1088300B7A26F /* AddTagPresenter.swift */; };
		A4E8F0F524C1089100B7A26F /* AddTagPresenterProtocol.swift in Sources */ = {isa = PBXBuildFile; fileRef = A4E8F0F424C1089100B7A26F /* AddTagPresenterProtocol.swift */; };
		A4E8F0FC24C10BBA00B7A26F /* TabBarCoordinator.swift in Sources */ = {isa = PBXBuildFile; fileRef = A4E8F0FB24C10BBA00B7A26F /* TabBarCoordinator.swift */; };
		A4E8F10124C10C2100B7A26F /* LoginCoordinator.swift in Sources */ = {isa = PBXBuildFile; fileRef = A4E8F10024C10C2100B7A26F /* LoginCoordinator.swift */; };
		A4E8F10424C10C3700B7A26F /* LoginPresenterProtocol.swift in Sources */ = {isa = PBXBuildFile; fileRef = A4E8F10324C10C3700B7A26F /* LoginPresenterProtocol.swift */; };
		A4E8F10624C10C4200B7A26F /* LoginPresenter.swift in Sources */ = {isa = PBXBuildFile; fileRef = A4E8F10524C10C4200B7A26F /* LoginPresenter.swift */; };
		A4E8F10824C10C4E00B7A26F /* LoginViewController.swift in Sources */ = {isa = PBXBuildFile; fileRef = A4E8F10724C10C4E00B7A26F /* LoginViewController.swift */; };
		A4E8F10A24C10C5C00B7A26F /* Login.storyboard in Resources */ = {isa = PBXBuildFile; fileRef = A4E8F10924C10C5C00B7A26F /* Login.storyboard */; };
		A4E8F11124C5C68D00B7A26F /* PostRequest.swift in Sources */ = {isa = PBXBuildFile; fileRef = A4E8F11024C5C68D00B7A26F /* PostRequest.swift */; };
		A4E8F11324C867BD00B7A26F /* AddTagStoryboard.storyboard in Resources */ = {isa = PBXBuildFile; fileRef = A4E8F11224C867BD00B7A26F /* AddTagStoryboard.storyboard */; };
		A4E8F11524C868B700B7A26F /* AddTagCollectionViewController.swift in Sources */ = {isa = PBXBuildFile; fileRef = A4E8F11424C868B700B7A26F /* AddTagCollectionViewController.swift */; };
		A4E8F11924C86C8300B7A26F /* AddTagCollectionViewCell.swift in Sources */ = {isa = PBXBuildFile; fileRef = A4E8F11824C86C8300B7A26F /* AddTagCollectionViewCell.swift */; };
		C2F73737EF78BCDD37FA16F7 /* Pods_IosSummerProject.framework in Frameworks */ = {isa = PBXBuildFile; fileRef = 8AFBE2A7C29273ACF4C2DECD /* Pods_IosSummerProject.framework */; };
		D282019E24C59FE100CD15DD /* ComsContent.swift in Sources */ = {isa = PBXBuildFile; fileRef = D282019D24C59FE100CD15DD /* ComsContent.swift */; };
		D28201A024C71F3800CD15DD /* CustomActionSheet.swift in Sources */ = {isa = PBXBuildFile; fileRef = D282019F24C71F3800CD15DD /* CustomActionSheet.swift */; };
/* End PBXBuildFile section */

/* Begin PBXContainerItemProxy section */
		71ABADB024C57EDF00E48992 /* PBXContainerItemProxy */ = {
			isa = PBXContainerItemProxy;
			containerPortal = A4E8F08424C0FC5C00B7A26F /* Project object */;
			proxyType = 1;
			remoteGlobalIDString = A4E8F08B24C0FC5C00B7A26F;
			remoteInfo = IosSummerProject;
		};
/* End PBXContainerItemProxy section */

/* Begin PBXFileReference section */
		71ABAD7F24C324CF00E48992 /* AddCommsViewController.swift */ = {isa = PBXFileReference; lastKnownFileType = sourcecode.swift; path = AddCommsViewController.swift; sourceTree = "<group>"; };
		71ABAD8124C324E700E48992 /* AddComms.storyboard */ = {isa = PBXFileReference; lastKnownFileType = file.storyboard; path = AddComms.storyboard; sourceTree = "<group>"; };
		71ABAD8424C3254000E48992 /* AddCommsPresenter.swift */ = {isa = PBXFileReference; lastKnownFileType = sourcecode.swift; path = AddCommsPresenter.swift; sourceTree = "<group>"; };
		71ABAD8624C3254D00E48992 /* AddCommsPresenterProtocol.swift */ = {isa = PBXFileReference; lastKnownFileType = sourcecode.swift; path = AddCommsPresenterProtocol.swift; sourceTree = "<group>"; };
		71ABAD8A24C325C300E48992 /* CommsDetailViewController.swift */ = {isa = PBXFileReference; lastKnownFileType = sourcecode.swift; path = CommsDetailViewController.swift; sourceTree = "<group>"; };
		71ABAD8C24C325D900E48992 /* CommsDetail.storyboard */ = {isa = PBXFileReference; lastKnownFileType = file.storyboard; path = CommsDetail.storyboard; sourceTree = "<group>"; };
		71ABAD8F24C325F100E48992 /* CommsPresenter.swift */ = {isa = PBXFileReference; lastKnownFileType = sourcecode.swift; path = CommsPresenter.swift; sourceTree = "<group>"; };
		71ABAD9124C325FD00E48992 /* CommsPresenterProtocol.swift */ = {isa = PBXFileReference; lastKnownFileType = sourcecode.swift; path = CommsPresenterProtocol.swift; sourceTree = "<group>"; };
		71ABAD9324C3267C00E48992 /* CommsListViewController.swift */ = {isa = PBXFileReference; lastKnownFileType = sourcecode.swift; path = CommsListViewController.swift; sourceTree = "<group>"; };
		71ABAD9524C3269600E48992 /* CommsList.storyboard */ = {isa = PBXFileReference; lastKnownFileType = file.storyboard; path = CommsList.storyboard; sourceTree = "<group>"; };
		71ABADAB24C57EDF00E48992 /* IosSummerProjectTests.xctest */ = {isa = PBXFileReference; explicitFileType = wrapper.cfbundle; includeInIndex = 0; path = IosSummerProjectTests.xctest; sourceTree = BUILT_PRODUCTS_DIR; };
		71ABADAD24C57EDF00E48992 /* IosSummerProjectTests.swift */ = {isa = PBXFileReference; lastKnownFileType = sourcecode.swift; path = IosSummerProjectTests.swift; sourceTree = "<group>"; };
		71ABADAF24C57EDF00E48992 /* Info.plist */ = {isa = PBXFileReference; lastKnownFileType = text.plist.xml; path = Info.plist; sourceTree = "<group>"; };
		7C63B52859816C956AEE5A0A /* Pods-IosSummerProject.release.xcconfig */ = {isa = PBXFileReference; includeInIndex = 1; lastKnownFileType = text.xcconfig; name = "Pods-IosSummerProject.release.xcconfig"; path = "Target Support Files/Pods-IosSummerProject/Pods-IosSummerProject.release.xcconfig"; sourceTree = "<group>"; };
		8AFBE2A7C29273ACF4C2DECD /* Pods_IosSummerProject.framework */ = {isa = PBXFileReference; explicitFileType = wrapper.framework; includeInIndex = 0; path = Pods_IosSummerProject.framework; sourceTree = BUILT_PRODUCTS_DIR; };
		8DE9704A3084789D90FEF14C /* Pods-IosSummerProject.debug.xcconfig */ = {isa = PBXFileReference; includeInIndex = 1; lastKnownFileType = text.xcconfig; name = "Pods-IosSummerProject.debug.xcconfig"; path = "Target Support Files/Pods-IosSummerProject/Pods-IosSummerProject.debug.xcconfig"; sourceTree = "<group>"; };
		A491B82224CEC9380069559A /* AddTagsViewController.swift */ = {isa = PBXFileReference; lastKnownFileType = sourcecode.swift; path = AddTagsViewController.swift; sourceTree = "<group>"; };
		A491B82424CEC9570069559A /* AddTags.storyboard */ = {isa = PBXFileReference; lastKnownFileType = file.storyboard; path = AddTags.storyboard; sourceTree = "<group>"; };
		A4CAC70C24CE02BC008D00B6 /* PreviewTagCell.swift */ = {isa = PBXFileReference; lastKnownFileType = sourcecode.swift; path = PreviewTagCell.swift; sourceTree = "<group>"; };
		A4E8F08C24C0FC5C00B7A26F /* IosSummerProject.app */ = {isa = PBXFileReference; explicitFileType = wrapper.application; includeInIndex = 0; path = IosSummerProject.app; sourceTree = BUILT_PRODUCTS_DIR; };
		A4E8F08F24C0FC5C00B7A26F /* AppDelegate.swift */ = {isa = PBXFileReference; lastKnownFileType = sourcecode.swift; path = AppDelegate.swift; sourceTree = "<group>"; };
		A4E8F09124C0FC5C00B7A26F /* SceneDelegate.swift */ = {isa = PBXFileReference; lastKnownFileType = sourcecode.swift; path = SceneDelegate.swift; sourceTree = "<group>"; };
		A4E8F09324C0FC5C00B7A26F /* ViewController.swift */ = {isa = PBXFileReference; lastKnownFileType = sourcecode.swift; path = ViewController.swift; sourceTree = "<group>"; };
		A4E8F09624C0FC5C00B7A26F /* Base */ = {isa = PBXFileReference; lastKnownFileType = file.storyboard; name = Base; path = Base.lproj/Main.storyboard; sourceTree = "<group>"; };
		A4E8F09824C0FC5E00B7A26F /* Assets.xcassets */ = {isa = PBXFileReference; lastKnownFileType = folder.assetcatalog; path = Assets.xcassets; sourceTree = "<group>"; };
		A4E8F09B24C0FC5E00B7A26F /* Base */ = {isa = PBXFileReference; lastKnownFileType = file.storyboard; name = Base; path = Base.lproj/LaunchScreen.storyboard; sourceTree = "<group>"; };
		A4E8F09D24C0FC5E00B7A26F /* Info.plist */ = {isa = PBXFileReference; lastKnownFileType = text.plist.xml; path = Info.plist; sourceTree = "<group>"; };
		A4E8F0A724C0FD3300B7A26F /* Coordinator.swift */ = {isa = PBXFileReference; lastKnownFileType = sourcecode.swift; path = Coordinator.swift; sourceTree = "<group>"; };
		A4E8F0A924C0FD3F00B7A26F /* AppCoordinator.swift */ = {isa = PBXFileReference; lastKnownFileType = sourcecode.swift; path = AppCoordinator.swift; sourceTree = "<group>"; };
		A4E8F0AB24C0FD5100B7A26F /* StoryBoarded.swift */ = {isa = PBXFileReference; lastKnownFileType = sourcecode.swift; path = StoryBoarded.swift; sourceTree = "<group>"; };
		A4E8F0AE24C0FD6B00B7A26F /* Constants.swift */ = {isa = PBXFileReference; lastKnownFileType = sourcecode.swift; path = Constants.swift; sourceTree = "<group>"; };
		A4E8F0B624C1001B00B7A26F /* CommsCoordinator.swift */ = {isa = PBXFileReference; lastKnownFileType = sourcecode.swift; path = CommsCoordinator.swift; sourceTree = "<group>"; };
		A4E8F0B824C1002E00B7A26F /* CommsListPresenterProcol.swift */ = {isa = PBXFileReference; lastKnownFileType = sourcecode.swift; path = CommsListPresenterProcol.swift; sourceTree = "<group>"; };
		A4E8F0BA24C1004600B7A26F /* CommsListPresenter.swift */ = {isa = PBXFileReference; lastKnownFileType = sourcecode.swift; path = CommsListPresenter.swift; sourceTree = "<group>"; };
		A4E8F0DA24C1067B00B7A26F /* BrowseTagsCoordinator.swift */ = {isa = PBXFileReference; lastKnownFileType = sourcecode.swift; path = BrowseTagsCoordinator.swift; sourceTree = "<group>"; };
		A4E8F0DC24C1069100B7A26F /* BrowseTagsPresenter.swift */ = {isa = PBXFileReference; lastKnownFileType = sourcecode.swift; path = BrowseTagsPresenter.swift; sourceTree = "<group>"; };
		A4E8F0DE24C106A500B7A26F /* BrowseTagsPresenterProtocol.swift */ = {isa = PBXFileReference; lastKnownFileType = sourcecode.swift; path = BrowseTagsPresenterProtocol.swift; sourceTree = "<group>"; };
		A4E8F0E024C106BE00B7A26F /* BrowseTagsViewController.swift */ = {isa = PBXFileReference; lastKnownFileType = sourcecode.swift; path = BrowseTagsViewController.swift; sourceTree = "<group>"; };
		A4E8F0E224C106CA00B7A26F /* BrowseTags.storyboard */ = {isa = PBXFileReference; lastKnownFileType = file.storyboard; path = BrowseTags.storyboard; sourceTree = "<group>"; };
		A4E8F0E724C1079200B7A26F /* EditTagsPresenter.swift */ = {isa = PBXFileReference; lastKnownFileType = sourcecode.swift; path = EditTagsPresenter.swift; sourceTree = "<group>"; };
		A4E8F0E924C107A000B7A26F /* EditTagsPresenterProtocol.swift */ = {isa = PBXFileReference; lastKnownFileType = sourcecode.swift; path = EditTagsPresenterProtocol.swift; sourceTree = "<group>"; };
		A4E8F0EB24C107B800B7A26F /* EditTagsViewController.swift */ = {isa = PBXFileReference; lastKnownFileType = sourcecode.swift; path = EditTagsViewController.swift; sourceTree = "<group>"; };
		A4E8F0ED24C107C200B7A26F /* EditTags.storyboard */ = {isa = PBXFileReference; lastKnownFileType = file.storyboard; path = EditTags.storyboard; sourceTree = "<group>"; };
		A4E8F0F224C1088300B7A26F /* AddTagPresenter.swift */ = {isa = PBXFileReference; lastKnownFileType = sourcecode.swift; path = AddTagPresenter.swift; sourceTree = "<group>"; };
		A4E8F0F424C1089100B7A26F /* AddTagPresenterProtocol.swift */ = {isa = PBXFileReference; lastKnownFileType = sourcecode.swift; path = AddTagPresenterProtocol.swift; sourceTree = "<group>"; };
		A4E8F0FB24C10BBA00B7A26F /* TabBarCoordinator.swift */ = {isa = PBXFileReference; lastKnownFileType = sourcecode.swift; path = TabBarCoordinator.swift; sourceTree = "<group>"; };
		A4E8F10024C10C2100B7A26F /* LoginCoordinator.swift */ = {isa = PBXFileReference; lastKnownFileType = sourcecode.swift; path = LoginCoordinator.swift; sourceTree = "<group>"; };
		A4E8F10324C10C3700B7A26F /* LoginPresenterProtocol.swift */ = {isa = PBXFileReference; lastKnownFileType = sourcecode.swift; path = LoginPresenterProtocol.swift; sourceTree = "<group>"; };
		A4E8F10524C10C4200B7A26F /* LoginPresenter.swift */ = {isa = PBXFileReference; lastKnownFileType = sourcecode.swift; path = LoginPresenter.swift; sourceTree = "<group>"; };
		A4E8F10724C10C4E00B7A26F /* LoginViewController.swift */ = {isa = PBXFileReference; lastKnownFileType = sourcecode.swift; path = LoginViewController.swift; sourceTree = "<group>"; };
		A4E8F10924C10C5C00B7A26F /* Login.storyboard */ = {isa = PBXFileReference; lastKnownFileType = file.storyboard; path = Login.storyboard; sourceTree = "<group>"; };
		A4E8F11024C5C68D00B7A26F /* PostRequest.swift */ = {isa = PBXFileReference; lastKnownFileType = sourcecode.swift; path = PostRequest.swift; sourceTree = "<group>"; };
		A4E8F11224C867BD00B7A26F /* AddTagStoryboard.storyboard */ = {isa = PBXFileReference; lastKnownFileType = file.storyboard; path = AddTagStoryboard.storyboard; sourceTree = "<group>"; };
		A4E8F11424C868B700B7A26F /* AddTagCollectionViewController.swift */ = {isa = PBXFileReference; lastKnownFileType = sourcecode.swift; path = AddTagCollectionViewController.swift; sourceTree = "<group>"; };
		A4E8F11824C86C8300B7A26F /* AddTagCollectionViewCell.swift */ = {isa = PBXFileReference; lastKnownFileType = sourcecode.swift; path = AddTagCollectionViewCell.swift; sourceTree = "<group>"; };
		D282019D24C59FE100CD15DD /* ComsContent.swift */ = {isa = PBXFileReference; lastKnownFileType = sourcecode.swift; path = ComsContent.swift; sourceTree = "<group>"; };
		D282019F24C71F3800CD15DD /* CustomActionSheet.swift */ = {isa = PBXFileReference; lastKnownFileType = sourcecode.swift; path = CustomActionSheet.swift; sourceTree = "<group>"; };
/* End PBXFileReference section */

/* Begin PBXFrameworksBuildPhase section */
		71ABADA824C57EDF00E48992 /* Frameworks */ = {
			isa = PBXFrameworksBuildPhase;
			buildActionMask = 2147483647;
			files = (
			);
			runOnlyForDeploymentPostprocessing = 0;
		};
		A4E8F08924C0FC5C00B7A26F /* Frameworks */ = {
			isa = PBXFrameworksBuildPhase;
			buildActionMask = 2147483647;
			files = (
				C2F73737EF78BCDD37FA16F7 /* Pods_IosSummerProject.framework in Frameworks */,
			);
			runOnlyForDeploymentPostprocessing = 0;
		};
/* End PBXFrameworksBuildPhase section */

/* Begin PBXGroup section */
		71ABAD7D24C324AF00E48992 /* AddComms */ = {
			isa = PBXGroup;
			children = (
				A4E8F0EF24C1084700B7A26F /* AddTags */,
				71ABAD8324C3252D00E48992 /* Presenter */,
				71ABAD7E24C324BA00E48992 /* View */,
			);
			path = AddComms;
			sourceTree = "<group>";
		};
		71ABAD7E24C324BA00E48992 /* View */ = {
			isa = PBXGroup;
			children = (
				71ABAD7F24C324CF00E48992 /* AddCommsViewController.swift */,
				71ABAD8124C324E700E48992 /* AddComms.storyboard */,
				A4CAC70C24CE02BC008D00B6 /* PreviewTagCell.swift */,
			);
			path = View;
			sourceTree = "<group>";
		};
		71ABAD8324C3252D00E48992 /* Presenter */ = {
			isa = PBXGroup;
			children = (
				71ABAD8424C3254000E48992 /* AddCommsPresenter.swift */,
				71ABAD8624C3254D00E48992 /* AddCommsPresenterProtocol.swift */,
			);
			path = Presenter;
			sourceTree = "<group>";
		};
		71ABAD8824C325A200E48992 /* CommsDetail */ = {
			isa = PBXGroup;
			children = (
				71ABAD8E24C325E100E48992 /* Presenter */,
				71ABAD8924C325AE00E48992 /* View */,
			);
			path = CommsDetail;
			sourceTree = "<group>";
		};
		71ABAD8924C325AE00E48992 /* View */ = {
			isa = PBXGroup;
			children = (
				71ABAD8A24C325C300E48992 /* CommsDetailViewController.swift */,
				71ABAD8C24C325D900E48992 /* CommsDetail.storyboard */,
			);
			path = View;
			sourceTree = "<group>";
		};
		71ABAD8E24C325E100E48992 /* Presenter */ = {
			isa = PBXGroup;
			children = (
				71ABAD8F24C325F100E48992 /* CommsPresenter.swift */,
				71ABAD9124C325FD00E48992 /* CommsPresenterProtocol.swift */,
			);
			path = Presenter;
			sourceTree = "<group>";
		};
		71ABADAC24C57EDF00E48992 /* IosSummerProjectTests */ = {
			isa = PBXGroup;
			children = (
				71ABADAD24C57EDF00E48992 /* IosSummerProjectTests.swift */,
				71ABADAF24C57EDF00E48992 /* Info.plist */,
			);
			path = IosSummerProjectTests;
			sourceTree = "<group>";
		};
		A4E8F08324C0FC5C00B7A26F = {
			isa = PBXGroup;
			children = (
				A4E8F08E24C0FC5C00B7A26F /* IosSummerProject */,
				71ABADAC24C57EDF00E48992 /* IosSummerProjectTests */,
				A4E8F08D24C0FC5C00B7A26F /* Products */,
				DA16121C00B257EFD1955AEC /* Pods */,
				DEF10AD35F56C9CE7AAF9026 /* Frameworks */,
			);
			sourceTree = "<group>";
		};
		A4E8F08D24C0FC5C00B7A26F /* Products */ = {
			isa = PBXGroup;
			children = (
				A4E8F08C24C0FC5C00B7A26F /* IosSummerProject.app */,
				71ABADAB24C57EDF00E48992 /* IosSummerProjectTests.xctest */,
			);
			name = Products;
			sourceTree = "<group>";
		};
		A4E8F08E24C0FC5C00B7A26F /* IosSummerProject */ = {
			isa = PBXGroup;
			children = (
				D282019C24C59F8D00CD15DD /* Models */,
				A4E8F10B24C10C7E00B7A26F /* Services */,
				A4E8F0A424C0FCF600B7A26F /* Reuseables */,
				A4E8F0B024C0FDD400B7A26F /* Tabs */,
				A4E8F0FA24C10B6600B7A26F /* Login */,
				A4E8F08F24C0FC5C00B7A26F /* AppDelegate.swift */,
				A4E8F09124C0FC5C00B7A26F /* SceneDelegate.swift */,
				A4E8F09324C0FC5C00B7A26F /* ViewController.swift */,
				A4E8F09524C0FC5C00B7A26F /* Main.storyboard */,
				A4E8F09824C0FC5E00B7A26F /* Assets.xcassets */,
				A4E8F09A24C0FC5E00B7A26F /* LaunchScreen.storyboard */,
				A4E8F09D24C0FC5E00B7A26F /* Info.plist */,
			);
			path = IosSummerProject;
			sourceTree = "<group>";
		};
		A4E8F0A424C0FCF600B7A26F /* Reuseables */ = {
			isa = PBXGroup;
			children = (
				A4E8F0A524C0FD1000B7A26F /* Protocols */,
				A4E8F0AD24C0FD5B00B7A26F /* Constants */,
			);
			path = Reuseables;
			sourceTree = "<group>";
		};
		A4E8F0A524C0FD1000B7A26F /* Protocols */ = {
			isa = PBXGroup;
			children = (
				A4E8F0A624C0FD1D00B7A26F /* Coordinator */,
			);
			path = Protocols;
			sourceTree = "<group>";
		};
		A4E8F0A624C0FD1D00B7A26F /* Coordinator */ = {
			isa = PBXGroup;
			children = (
				A4E8F0A724C0FD3300B7A26F /* Coordinator.swift */,
				A4E8F0A924C0FD3F00B7A26F /* AppCoordinator.swift */,
				A4E8F0AB24C0FD5100B7A26F /* StoryBoarded.swift */,
			);
			path = Coordinator;
			sourceTree = "<group>";
		};
		A4E8F0AD24C0FD5B00B7A26F /* Constants */ = {
			isa = PBXGroup;
			children = (
				A4E8F0AE24C0FD6B00B7A26F /* Constants.swift */,
			);
			path = Constants;
			sourceTree = "<group>";
		};
		A4E8F0B024C0FDD400B7A26F /* Tabs */ = {
			isa = PBXGroup;
			children = (
				A4E8F0FB24C10BBA00B7A26F /* TabBarCoordinator.swift */,
				A4E8F0B124C0FE3700B7A26F /* BrowseTags */,
				A4E8F0B224C0FE4300B7A26F /* CommsList */,
			);
			path = Tabs;
			sourceTree = "<group>";
		};
		A4E8F0B124C0FE3700B7A26F /* BrowseTags */ = {
			isa = PBXGroup;
			children = (
				A4E8F0E424C106F600B7A26F /* EditTags */,
				A4E8F0D724C1062400B7A26F /* Coordinator */,
				A4E8F0D824C1064100B7A26F /* Presenter */,
				A4E8F0D924C1065900B7A26F /* View */,
			);
			path = BrowseTags;
			sourceTree = "<group>";
		};
		A4E8F0B224C0FE4300B7A26F /* CommsList */ = {
			isa = PBXGroup;
			children = (
				71ABAD8824C325A200E48992 /* CommsDetail */,
				71ABAD7D24C324AF00E48992 /* AddComms */,
				A4E8F0B324C0FFD100B7A26F /* Coordinator */,
				A4E8F0B424C0FFDA00B7A26F /* Presenter */,
				A4E8F0B524C0FFE400B7A26F /* View */,
			);
			path = CommsList;
			sourceTree = "<group>";
		};
		A4E8F0B324C0FFD100B7A26F /* Coordinator */ = {
			isa = PBXGroup;
			children = (
				A4E8F0B624C1001B00B7A26F /* CommsCoordinator.swift */,
			);
			path = Coordinator;
			sourceTree = "<group>";
		};
		A4E8F0B424C0FFDA00B7A26F /* Presenter */ = {
			isa = PBXGroup;
			children = (
				A4E8F0B824C1002E00B7A26F /* CommsListPresenterProcol.swift */,
				A4E8F0BA24C1004600B7A26F /* CommsListPresenter.swift */,
			);
			path = Presenter;
			sourceTree = "<group>";
		};
		A4E8F0B524C0FFE400B7A26F /* View */ = {
			isa = PBXGroup;
			children = (
				71ABAD9324C3267C00E48992 /* CommsListViewController.swift */,
				71ABAD9524C3269600E48992 /* CommsList.storyboard */,
			);
			path = View;
			sourceTree = "<group>";
		};
		A4E8F0D724C1062400B7A26F /* Coordinator */ = {
			isa = PBXGroup;
			children = (
				A4E8F0DA24C1067B00B7A26F /* BrowseTagsCoordinator.swift */,
			);
			path = Coordinator;
			sourceTree = "<group>";
		};
		A4E8F0D824C1064100B7A26F /* Presenter */ = {
			isa = PBXGroup;
			children = (
				A4E8F0DC24C1069100B7A26F /* BrowseTagsPresenter.swift */,
				A4E8F0DE24C106A500B7A26F /* BrowseTagsPresenterProtocol.swift */,
			);
			path = Presenter;
			sourceTree = "<group>";
		};
		A4E8F0D924C1065900B7A26F /* View */ = {
			isa = PBXGroup;
			children = (
				A4E8F0E024C106BE00B7A26F /* BrowseTagsViewController.swift */,
				A4E8F0E224C106CA00B7A26F /* BrowseTags.storyboard */,
			);
			path = View;
			sourceTree = "<group>";
		};
		A4E8F0E424C106F600B7A26F /* EditTags */ = {
			isa = PBXGroup;
			children = (
				A4E8F0E624C1070300B7A26F /* Presenter */,
				A4E8F0E524C106FF00B7A26F /* View */,
			);
			path = EditTags;
			sourceTree = "<group>";
		};
		A4E8F0E524C106FF00B7A26F /* View */ = {
			isa = PBXGroup;
			children = (
				A4E8F0EB24C107B800B7A26F /* EditTagsViewController.swift */,
				A4E8F0ED24C107C200B7A26F /* EditTags.storyboard */,
			);
			path = View;
			sourceTree = "<group>";
		};
		A4E8F0E624C1070300B7A26F /* Presenter */ = {
			isa = PBXGroup;
			children = (
				A4E8F0E724C1079200B7A26F /* EditTagsPresenter.swift */,
				A4E8F0E924C107A000B7A26F /* EditTagsPresenterProtocol.swift */,
			);
			path = Presenter;
			sourceTree = "<group>";
		};
		A4E8F0EF24C1084700B7A26F /* AddTags */ = {
			isa = PBXGroup;
			children = (
				A4E8F0F124C1086800B7A26F /* Presenter */,
				A4E8F0F024C1085D00B7A26F /* View */,
			);
			path = AddTags;
			sourceTree = "<group>";
		};
		A4E8F0F024C1085D00B7A26F /* View */ = {
			isa = PBXGroup;
			children = (
				A4E8F11224C867BD00B7A26F /* AddTagStoryboard.storyboard */,
				A4E8F11424C868B700B7A26F /* AddTagCollectionViewController.swift */,
				A4E8F11824C86C8300B7A26F /* AddTagCollectionViewCell.swift */,
				A491B82224CEC9380069559A /* AddTagsViewController.swift */,
				A491B82424CEC9570069559A /* AddTags.storyboard */,
			);
			path = View;
			sourceTree = "<group>";
		};
		A4E8F0F124C1086800B7A26F /* Presenter */ = {
			isa = PBXGroup;
			children = (
				A4E8F0F224C1088300B7A26F /* AddTagPresenter.swift */,
				A4E8F0F424C1089100B7A26F /* AddTagPresenterProtocol.swift */,
			);
			path = Presenter;
			sourceTree = "<group>";
		};
		A4E8F0FA24C10B6600B7A26F /* Login */ = {
			isa = PBXGroup;
			children = (
				A4E8F0FF24C10BE700B7A26F /* Coordinator */,
				A4E8F0FE24C10BD900B7A26F /* Presenter */,
				A4E8F0FD24C10BD000B7A26F /* View */,
			);
			path = Login;
			sourceTree = "<group>";
		};
		A4E8F0FD24C10BD000B7A26F /* View */ = {
			isa = PBXGroup;
			children = (
				A4E8F10724C10C4E00B7A26F /* LoginViewController.swift */,
				A4E8F10924C10C5C00B7A26F /* Login.storyboard */,
			);
			path = View;
			sourceTree = "<group>";
		};
		A4E8F0FE24C10BD900B7A26F /* Presenter */ = {
			isa = PBXGroup;
			children = (
				A4E8F10324C10C3700B7A26F /* LoginPresenterProtocol.swift */,
				A4E8F10524C10C4200B7A26F /* LoginPresenter.swift */,
			);
			path = Presenter;
			sourceTree = "<group>";
		};
		A4E8F0FF24C10BE700B7A26F /* Coordinator */ = {
			isa = PBXGroup;
			children = (
				A4E8F10024C10C2100B7A26F /* LoginCoordinator.swift */,
			);
			path = Coordinator;
			sourceTree = "<group>";
		};
		A4E8F10B24C10C7E00B7A26F /* Services */ = {
			isa = PBXGroup;
			children = (
				A4E8F11024C5C68D00B7A26F /* PostRequest.swift */,
				D282019F24C71F3800CD15DD /* CustomActionSheet.swift */,
			);
			path = Services;
			sourceTree = "<group>";
		};
		D282019C24C59F8D00CD15DD /* Models */ = {
			isa = PBXGroup;
			children = (
				D282019D24C59FE100CD15DD /* ComsContent.swift */,
			);
			path = Models;
			sourceTree = "<group>";
		};
		DA16121C00B257EFD1955AEC /* Pods */ = {
			isa = PBXGroup;
			children = (
				8DE9704A3084789D90FEF14C /* Pods-IosSummerProject.debug.xcconfig */,
				7C63B52859816C956AEE5A0A /* Pods-IosSummerProject.release.xcconfig */,
			);
			path = Pods;
			sourceTree = "<group>";
		};
		DEF10AD35F56C9CE7AAF9026 /* Frameworks */ = {
			isa = PBXGroup;
			children = (
				8AFBE2A7C29273ACF4C2DECD /* Pods_IosSummerProject.framework */,
			);
			name = Frameworks;
			sourceTree = "<group>";
		};
/* End PBXGroup section */

/* Begin PBXNativeTarget section */
		71ABADAA24C57EDF00E48992 /* IosSummerProjectTests */ = {
			isa = PBXNativeTarget;
			buildConfigurationList = 71ABADB224C57EDF00E48992 /* Build configuration list for PBXNativeTarget "IosSummerProjectTests" */;
			buildPhases = (
				71ABADA724C57EDF00E48992 /* Sources */,
				71ABADA824C57EDF00E48992 /* Frameworks */,
				71ABADA924C57EDF00E48992 /* Resources */,
			);
			buildRules = (
			);
			dependencies = (
				71ABADB124C57EDF00E48992 /* PBXTargetDependency */,
			);
			name = IosSummerProjectTests;
			productName = IosSummerProjectTests;
			productReference = 71ABADAB24C57EDF00E48992 /* IosSummerProjectTests.xctest */;
			productType = "com.apple.product-type.bundle.unit-test";
		};
		A4E8F08B24C0FC5C00B7A26F /* IosSummerProject */ = {
			isa = PBXNativeTarget;
			buildConfigurationList = A4E8F0A024C0FC5E00B7A26F /* Build configuration list for PBXNativeTarget "IosSummerProject" */;
			buildPhases = (
				E52B35B06A16DBA800EB1F28 /* [CP] Check Pods Manifest.lock */,
				A4E8F08824C0FC5C00B7A26F /* Sources */,
				A4E8F08924C0FC5C00B7A26F /* Frameworks */,
				A4E8F08A24C0FC5C00B7A26F /* Resources */,
				038E0F3CA00FA44DA2D56B67 /* [CP] Embed Pods Frameworks */,
				21FC1172B55E06D21E0D9A67 /* [CP] Copy Pods Resources */,
			);
			buildRules = (
			);
			dependencies = (
			);
			name = IosSummerProject;
			productName = IosSummerProject;
			productReference = A4E8F08C24C0FC5C00B7A26F /* IosSummerProject.app */;
			productType = "com.apple.product-type.application";
		};
/* End PBXNativeTarget section */

/* Begin PBXProject section */
		A4E8F08424C0FC5C00B7A26F /* Project object */ = {
			isa = PBXProject;
			attributes = {
				LastSwiftUpdateCheck = 1150;
				LastUpgradeCheck = 1160;
				ORGANIZATIONNAME = "Liiban Mukhtar";
				TargetAttributes = {
					71ABADAA24C57EDF00E48992 = {
						CreatedOnToolsVersion = 11.5;
						TestTargetID = A4E8F08B24C0FC5C00B7A26F;
					};
					A4E8F08B24C0FC5C00B7A26F = {
						CreatedOnToolsVersion = 11.6;
					};
				};
			};
			buildConfigurationList = A4E8F08724C0FC5C00B7A26F /* Build configuration list for PBXProject "IosSummerProject" */;
			compatibilityVersion = "Xcode 9.3";
			developmentRegion = en;
			hasScannedForEncodings = 0;
			knownRegions = (
				en,
				Base,
			);
			mainGroup = A4E8F08324C0FC5C00B7A26F;
			productRefGroup = A4E8F08D24C0FC5C00B7A26F /* Products */;
			projectDirPath = "";
			projectRoot = "";
			targets = (
				A4E8F08B24C0FC5C00B7A26F /* IosSummerProject */,
				71ABADAA24C57EDF00E48992 /* IosSummerProjectTests */,
			);
		};
/* End PBXProject section */

/* Begin PBXResourcesBuildPhase section */
		71ABADA924C57EDF00E48992 /* Resources */ = {
			isa = PBXResourcesBuildPhase;
			buildActionMask = 2147483647;
			files = (
			);
			runOnlyForDeploymentPostprocessing = 0;
		};
		A4E8F08A24C0FC5C00B7A26F /* Resources */ = {
			isa = PBXResourcesBuildPhase;
			buildActionMask = 2147483647;
			files = (
				A4E8F11324C867BD00B7A26F /* AddTagStoryboard.storyboard in Resources */,
				71ABAD9624C3269600E48992 /* CommsList.storyboard in Resources */,
				71ABAD8224C324E700E48992 /* AddComms.storyboard in Resources */,
				A4E8F09C24C0FC5E00B7A26F /* LaunchScreen.storyboard in Resources */,
				A4E8F0E324C106CA00B7A26F /* BrowseTags.storyboard in Resources */,
				A4E8F09924C0FC5E00B7A26F /* Assets.xcassets in Resources */,
				A4E8F09724C0FC5C00B7A26F /* Main.storyboard in Resources */,
				A4E8F0EE24C107C200B7A26F /* EditTags.storyboard in Resources */,
				A4E8F10A24C10C5C00B7A26F /* Login.storyboard in Resources */,
				71ABAD8D24C325D900E48992 /* CommsDetail.storyboard in Resources */,
				A491B82524CEC9570069559A /* AddTags.storyboard in Resources */,
			);
			runOnlyForDeploymentPostprocessing = 0;
		};
/* End PBXResourcesBuildPhase section */

/* Begin PBXShellScriptBuildPhase section */
		038E0F3CA00FA44DA2D56B67 /* [CP] Embed Pods Frameworks */ = {
			isa = PBXShellScriptBuildPhase;
			buildActionMask = 2147483647;
			files = (
			);
			inputFileListPaths = (
				"${PODS_ROOT}/Target Support Files/Pods-IosSummerProject/Pods-IosSummerProject-frameworks-${CONFIGURATION}-input-files.xcfilelist",
			);
			name = "[CP] Embed Pods Frameworks";
			outputFileListPaths = (
				"${PODS_ROOT}/Target Support Files/Pods-IosSummerProject/Pods-IosSummerProject-frameworks-${CONFIGURATION}-output-files.xcfilelist",
			);
			runOnlyForDeploymentPostprocessing = 0;
			shellPath = /bin/sh;
			shellScript = "\"${PODS_ROOT}/Target Support Files/Pods-IosSummerProject/Pods-IosSummerProject-frameworks.sh\"\n";
			showEnvVarsInLog = 0;
		};
		21FC1172B55E06D21E0D9A67 /* [CP] Copy Pods Resources */ = {
			isa = PBXShellScriptBuildPhase;
			buildActionMask = 2147483647;
			files = (
			);
			inputFileListPaths = (
				"${PODS_ROOT}/Target Support Files/Pods-IosSummerProject/Pods-IosSummerProject-resources-${CONFIGURATION}-input-files.xcfilelist",
			);
			name = "[CP] Copy Pods Resources";
			outputFileListPaths = (
				"${PODS_ROOT}/Target Support Files/Pods-IosSummerProject/Pods-IosSummerProject-resources-${CONFIGURATION}-output-files.xcfilelist",
			);
			runOnlyForDeploymentPostprocessing = 0;
			shellPath = /bin/sh;
			shellScript = "\"${PODS_ROOT}/Target Support Files/Pods-IosSummerProject/Pods-IosSummerProject-resources.sh\"\n";
			showEnvVarsInLog = 0;
		};
		E52B35B06A16DBA800EB1F28 /* [CP] Check Pods Manifest.lock */ = {
			isa = PBXShellScriptBuildPhase;
			buildActionMask = 2147483647;
			files = (
			);
			inputFileListPaths = (
			);
			inputPaths = (
				"${PODS_PODFILE_DIR_PATH}/Podfile.lock",
				"${PODS_ROOT}/Manifest.lock",
			);
			name = "[CP] Check Pods Manifest.lock";
			outputFileListPaths = (
			);
			outputPaths = (
				"$(DERIVED_FILE_DIR)/Pods-IosSummerProject-checkManifestLockResult.txt",
			);
			runOnlyForDeploymentPostprocessing = 0;
			shellPath = /bin/sh;
			shellScript = "diff \"${PODS_PODFILE_DIR_PATH}/Podfile.lock\" \"${PODS_ROOT}/Manifest.lock\" > /dev/null\nif [ $? != 0 ] ; then\n    # print error to STDERR\n    echo \"error: The sandbox is not in sync with the Podfile.lock. Run 'pod install' or update your CocoaPods installation.\" >&2\n    exit 1\nfi\n# This output is used by Xcode 'outputs' to avoid re-running this script phase.\necho \"SUCCESS\" > \"${SCRIPT_OUTPUT_FILE_0}\"\n";
			showEnvVarsInLog = 0;
		};
/* End PBXShellScriptBuildPhase section */

/* Begin PBXSourcesBuildPhase section */
		71ABADA724C57EDF00E48992 /* Sources */ = {
			isa = PBXSourcesBuildPhase;
			buildActionMask = 2147483647;
			files = (
				71ABADAE24C57EDF00E48992 /* IosSummerProjectTests.swift in Sources */,
			);
			runOnlyForDeploymentPostprocessing = 0;
		};
		A4E8F08824C0FC5C00B7A26F /* Sources */ = {
			isa = PBXSourcesBuildPhase;
			buildActionMask = 2147483647;
			files = (
				A4E8F10424C10C3700B7A26F /* LoginPresenterProtocol.swift in Sources */,
				71ABAD9024C325F100E48992 /* CommsPresenter.swift in Sources */,
				A4E8F0E124C106BE00B7A26F /* BrowseTagsViewController.swift in Sources */,
				A4E8F0A824C0FD3300B7A26F /* Coordinator.swift in Sources */,
				A4E8F0EC24C107B800B7A26F /* EditTagsViewController.swift in Sources */,
				A4E8F0EA24C107A000B7A26F /* EditTagsPresenterProtocol.swift in Sources */,
				71ABAD8524C3254000E48992 /* AddCommsPresenter.swift in Sources */,
				A4E8F0DD24C1069100B7A26F /* BrowseTagsPresenter.swift in Sources */,
				A4E8F09424C0FC5C00B7A26F /* ViewController.swift in Sources */,
				A4E8F0FC24C10BBA00B7A26F /* TabBarCoordinator.swift in Sources */,
				71ABAD8724C3254D00E48992 /* AddCommsPresenterProtocol.swift in Sources */,
				A4E8F10824C10C4E00B7A26F /* LoginViewController.swift in Sources */,
				A4E8F0AA24C0FD3F00B7A26F /* AppCoordinator.swift in Sources */,
				71ABAD8024C324CF00E48992 /* AddCommsViewController.swift in Sources */,
				A4E8F11124C5C68D00B7A26F /* PostRequest.swift in Sources */,
				A4E8F0AC24C0FD5100B7A26F /* StoryBoarded.swift in Sources */,
				A4E8F0DB24C1067B00B7A26F /* BrowseTagsCoordinator.swift in Sources */,
				A4E8F10624C10C4200B7A26F /* LoginPresenter.swift in Sources */,
				A4E8F0B924C1002E00B7A26F /* CommsListPresenterProcol.swift in Sources */,
				A4E8F0DF24C106A500B7A26F /* BrowseTagsPresenterProtocol.swift in Sources */,
				71ABAD8B24C325C300E48992 /* CommsDetailViewController.swift in Sources */,
				A4E8F11524C868B700B7A26F /* AddTagCollectionViewController.swift in Sources */,
				A4E8F0B724C1001B00B7A26F /* CommsCoordinator.swift in Sources */,
				A4E8F10124C10C2100B7A26F /* LoginCoordinator.swift in Sources */,
				A4E8F0F324C1088300B7A26F /* AddTagPresenter.swift in Sources */,
				A491B82324CEC9380069559A /* AddTagsViewController.swift in Sources */,
				A4E8F11924C86C8300B7A26F /* AddTagCollectionViewCell.swift in Sources */,
				A4E8F0AF24C0FD6B00B7A26F /* Constants.swift in Sources */,
				A4CAC70D24CE02BC008D00B6 /* PreviewTagCell.swift in Sources */,
				D282019E24C59FE100CD15DD /* ComsContent.swift in Sources */,
				A4E8F09024C0FC5C00B7A26F /* AppDelegate.swift in Sources */,
				A4E8F0F524C1089100B7A26F /* AddTagPresenterProtocol.swift in Sources */,
				71ABAD9224C325FD00E48992 /* CommsPresenterProtocol.swift in Sources */,
				71ABAD9424C3267C00E48992 /* CommsListViewController.swift in Sources */,
				A4E8F0BB24C1004600B7A26F /* CommsListPresenter.swift in Sources */,
				A4E8F09224C0FC5C00B7A26F /* SceneDelegate.swift in Sources */,
				A4E8F0E824C1079200B7A26F /* EditTagsPresenter.swift in Sources */,
				D28201A024C71F3800CD15DD /* CustomActionSheet.swift in Sources */,
			);
			runOnlyForDeploymentPostprocessing = 0;
		};
/* End PBXSourcesBuildPhase section */

/* Begin PBXTargetDependency section */
		71ABADB124C57EDF00E48992 /* PBXTargetDependency */ = {
			isa = PBXTargetDependency;
			target = A4E8F08B24C0FC5C00B7A26F /* IosSummerProject */;
			targetProxy = 71ABADB024C57EDF00E48992 /* PBXContainerItemProxy */;
		};
/* End PBXTargetDependency section */

/* Begin PBXVariantGroup section */
		A4E8F09524C0FC5C00B7A26F /* Main.storyboard */ = {
			isa = PBXVariantGroup;
			children = (
				A4E8F09624C0FC5C00B7A26F /* Base */,
			);
			name = Main.storyboard;
			sourceTree = "<group>";
		};
		A4E8F09A24C0FC5E00B7A26F /* LaunchScreen.storyboard */ = {
			isa = PBXVariantGroup;
			children = (
				A4E8F09B24C0FC5E00B7A26F /* Base */,
			);
			name = LaunchScreen.storyboard;
			sourceTree = "<group>";
		};
/* End PBXVariantGroup section */

/* Begin XCBuildConfiguration section */
		71ABADB324C57EDF00E48992 /* Debug */ = {
			isa = XCBuildConfiguration;
			buildSettings = {
				BUNDLE_LOADER = "$(TEST_HOST)";
				CODE_SIGN_STYLE = Automatic;
				INFOPLIST_FILE = IosSummerProjectTests/Info.plist;
				IPHONEOS_DEPLOYMENT_TARGET = 13.5;
				LD_RUNPATH_SEARCH_PATHS = (
					"$(inherited)",
					"@executable_path/Frameworks",
					"@loader_path/Frameworks",
				);
				PRODUCT_BUNDLE_IDENTIFIER = "ios-stream-summercamp-build-project.IosSummerProjectTests";
				PRODUCT_NAME = "$(TARGET_NAME)";
				SWIFT_VERSION = 5.0;
				TARGETED_DEVICE_FAMILY = "1,2";
				TEST_HOST = "$(BUILT_PRODUCTS_DIR)/IosSummerProject.app/IosSummerProject";
			};
			name = Debug;
		};
		71ABADB424C57EDF00E48992 /* Release */ = {
			isa = XCBuildConfiguration;
			buildSettings = {
				BUNDLE_LOADER = "$(TEST_HOST)";
				CODE_SIGN_STYLE = Automatic;
				INFOPLIST_FILE = IosSummerProjectTests/Info.plist;
				IPHONEOS_DEPLOYMENT_TARGET = 13.5;
				LD_RUNPATH_SEARCH_PATHS = (
					"$(inherited)",
					"@executable_path/Frameworks",
					"@loader_path/Frameworks",
				);
				PRODUCT_BUNDLE_IDENTIFIER = "ios-stream-summercamp-build-project.IosSummerProjectTests";
				PRODUCT_NAME = "$(TARGET_NAME)";
				SWIFT_VERSION = 5.0;
				TARGETED_DEVICE_FAMILY = "1,2";
				TEST_HOST = "$(BUILT_PRODUCTS_DIR)/IosSummerProject.app/IosSummerProject";
			};
			name = Release;
		};
		A4E8F09E24C0FC5E00B7A26F /* Debug */ = {
			isa = XCBuildConfiguration;
			buildSettings = {
				ALWAYS_SEARCH_USER_PATHS = NO;
				CLANG_ANALYZER_NONNULL = YES;
				CLANG_ANALYZER_NUMBER_OBJECT_CONVERSION = YES_AGGRESSIVE;
				CLANG_CXX_LANGUAGE_STANDARD = "gnu++14";
				CLANG_CXX_LIBRARY = "libc++";
				CLANG_ENABLE_MODULES = YES;
				CLANG_ENABLE_OBJC_ARC = YES;
				CLANG_ENABLE_OBJC_WEAK = YES;
				CLANG_WARN_BLOCK_CAPTURE_AUTORELEASING = YES;
				CLANG_WARN_BOOL_CONVERSION = YES;
				CLANG_WARN_COMMA = YES;
				CLANG_WARN_CONSTANT_CONVERSION = YES;
				CLANG_WARN_DEPRECATED_OBJC_IMPLEMENTATIONS = YES;
				CLANG_WARN_DIRECT_OBJC_ISA_USAGE = YES_ERROR;
				CLANG_WARN_DOCUMENTATION_COMMENTS = YES;
				CLANG_WARN_EMPTY_BODY = YES;
				CLANG_WARN_ENUM_CONVERSION = YES;
				CLANG_WARN_INFINITE_RECURSION = YES;
				CLANG_WARN_INT_CONVERSION = YES;
				CLANG_WARN_NON_LITERAL_NULL_CONVERSION = YES;
				CLANG_WARN_OBJC_IMPLICIT_RETAIN_SELF = YES;
				CLANG_WARN_OBJC_LITERAL_CONVERSION = YES;
				CLANG_WARN_OBJC_ROOT_CLASS = YES_ERROR;
				CLANG_WARN_RANGE_LOOP_ANALYSIS = YES;
				CLANG_WARN_STRICT_PROTOTYPES = YES;
				CLANG_WARN_SUSPICIOUS_MOVE = YES;
				CLANG_WARN_UNGUARDED_AVAILABILITY = YES_AGGRESSIVE;
				CLANG_WARN_UNREACHABLE_CODE = YES;
				CLANG_WARN__DUPLICATE_METHOD_MATCH = YES;
				COPY_PHASE_STRIP = NO;
				DEBUG_INFORMATION_FORMAT = dwarf;
				ENABLE_STRICT_OBJC_MSGSEND = YES;
				ENABLE_TESTABILITY = YES;
				GCC_C_LANGUAGE_STANDARD = gnu11;
				GCC_DYNAMIC_NO_PIC = NO;
				GCC_NO_COMMON_BLOCKS = YES;
				GCC_OPTIMIZATION_LEVEL = 0;
				GCC_PREPROCESSOR_DEFINITIONS = (
					"DEBUG=1",
					"$(inherited)",
				);
				GCC_WARN_64_TO_32_BIT_CONVERSION = YES;
				GCC_WARN_ABOUT_RETURN_TYPE = YES_ERROR;
				GCC_WARN_UNDECLARED_SELECTOR = YES;
				GCC_WARN_UNINITIALIZED_AUTOS = YES_AGGRESSIVE;
				GCC_WARN_UNUSED_FUNCTION = YES;
				GCC_WARN_UNUSED_VARIABLE = YES;
				IPHONEOS_DEPLOYMENT_TARGET = 13.6;
				MTL_ENABLE_DEBUG_INFO = INCLUDE_SOURCE;
				MTL_FAST_MATH = YES;
				ONLY_ACTIVE_ARCH = YES;
				SDKROOT = iphoneos;
				SWIFT_ACTIVE_COMPILATION_CONDITIONS = DEBUG;
				SWIFT_OPTIMIZATION_LEVEL = "-Onone";
			};
			name = Debug;
		};
		A4E8F09F24C0FC5E00B7A26F /* Release */ = {
			isa = XCBuildConfiguration;
			buildSettings = {
				ALWAYS_SEARCH_USER_PATHS = NO;
				CLANG_ANALYZER_NONNULL = YES;
				CLANG_ANALYZER_NUMBER_OBJECT_CONVERSION = YES_AGGRESSIVE;
				CLANG_CXX_LANGUAGE_STANDARD = "gnu++14";
				CLANG_CXX_LIBRARY = "libc++";
				CLANG_ENABLE_MODULES = YES;
				CLANG_ENABLE_OBJC_ARC = YES;
				CLANG_ENABLE_OBJC_WEAK = YES;
				CLANG_WARN_BLOCK_CAPTURE_AUTORELEASING = YES;
				CLANG_WARN_BOOL_CONVERSION = YES;
				CLANG_WARN_COMMA = YES;
				CLANG_WARN_CONSTANT_CONVERSION = YES;
				CLANG_WARN_DEPRECATED_OBJC_IMPLEMENTATIONS = YES;
				CLANG_WARN_DIRECT_OBJC_ISA_USAGE = YES_ERROR;
				CLANG_WARN_DOCUMENTATION_COMMENTS = YES;
				CLANG_WARN_EMPTY_BODY = YES;
				CLANG_WARN_ENUM_CONVERSION = YES;
				CLANG_WARN_INFINITE_RECURSION = YES;
				CLANG_WARN_INT_CONVERSION = YES;
				CLANG_WARN_NON_LITERAL_NULL_CONVERSION = YES;
				CLANG_WARN_OBJC_IMPLICIT_RETAIN_SELF = YES;
				CLANG_WARN_OBJC_LITERAL_CONVERSION = YES;
				CLANG_WARN_OBJC_ROOT_CLASS = YES_ERROR;
				CLANG_WARN_RANGE_LOOP_ANALYSIS = YES;
				CLANG_WARN_STRICT_PROTOTYPES = YES;
				CLANG_WARN_SUSPICIOUS_MOVE = YES;
				CLANG_WARN_UNGUARDED_AVAILABILITY = YES_AGGRESSIVE;
				CLANG_WARN_UNREACHABLE_CODE = YES;
				CLANG_WARN__DUPLICATE_METHOD_MATCH = YES;
				COPY_PHASE_STRIP = NO;
				DEBUG_INFORMATION_FORMAT = "dwarf-with-dsym";
				ENABLE_NS_ASSERTIONS = NO;
				ENABLE_STRICT_OBJC_MSGSEND = YES;
				GCC_C_LANGUAGE_STANDARD = gnu11;
				GCC_NO_COMMON_BLOCKS = YES;
				GCC_WARN_64_TO_32_BIT_CONVERSION = YES;
				GCC_WARN_ABOUT_RETURN_TYPE = YES_ERROR;
				GCC_WARN_UNDECLARED_SELECTOR = YES;
				GCC_WARN_UNINITIALIZED_AUTOS = YES_AGGRESSIVE;
				GCC_WARN_UNUSED_FUNCTION = YES;
				GCC_WARN_UNUSED_VARIABLE = YES;
				IPHONEOS_DEPLOYMENT_TARGET = 13.6;
				MTL_ENABLE_DEBUG_INFO = NO;
				MTL_FAST_MATH = YES;
				SDKROOT = iphoneos;
				SWIFT_COMPILATION_MODE = wholemodule;
				SWIFT_OPTIMIZATION_LEVEL = "-O";
				VALIDATE_PRODUCT = YES;
			};
			name = Release;
		};
		A4E8F0A124C0FC5E00B7A26F /* Debug */ = {
			isa = XCBuildConfiguration;
			baseConfigurationReference = 8DE9704A3084789D90FEF14C /* Pods-IosSummerProject.debug.xcconfig */;
			buildSettings = {
				ASSETCATALOG_COMPILER_APPICON_NAME = AppIcon;
				CODE_SIGN_STYLE = Automatic;
				INFOPLIST_FILE = IosSummerProject/Info.plist;
				IPHONEOS_DEPLOYMENT_TARGET = 13.5;
				LD_RUNPATH_SEARCH_PATHS = (
					"$(inherited)",
					"@executable_path/Frameworks",
				);
				PRODUCT_BUNDLE_IDENTIFIER = com.liibanmukhtar.IosSummerProject;
				PRODUCT_NAME = "$(TARGET_NAME)";
				SWIFT_VERSION = 5.0;
				TARGETED_DEVICE_FAMILY = "1,2";
			};
			name = Debug;
		};
		A4E8F0A224C0FC5E00B7A26F /* Release */ = {
			isa = XCBuildConfiguration;
			baseConfigurationReference = 7C63B52859816C956AEE5A0A /* Pods-IosSummerProject.release.xcconfig */;
			buildSettings = {
				ASSETCATALOG_COMPILER_APPICON_NAME = AppIcon;
				CODE_SIGN_STYLE = Automatic;
				INFOPLIST_FILE = IosSummerProject/Info.plist;
				IPHONEOS_DEPLOYMENT_TARGET = 13.5;
				LD_RUNPATH_SEARCH_PATHS = (
					"$(inherited)",
					"@executable_path/Frameworks",
				);
				PRODUCT_BUNDLE_IDENTIFIER = com.liibanmukhtar.IosSummerProject;
				PRODUCT_NAME = "$(TARGET_NAME)";
				SWIFT_VERSION = 5.0;
				TARGETED_DEVICE_FAMILY = "1,2";
			};
			name = Release;
		};
/* End XCBuildConfiguration section */

/* Begin XCConfigurationList section */
		71ABADB224C57EDF00E48992 /* Build configuration list for PBXNativeTarget "IosSummerProjectTests" */ = {
			isa = XCConfigurationList;
			buildConfigurations = (
				71ABADB324C57EDF00E48992 /* Debug */,
				71ABADB424C57EDF00E48992 /* Release */,
			);
			defaultConfigurationIsVisible = 0;
			defaultConfigurationName = Release;
		};
		A4E8F08724C0FC5C00B7A26F /* Build configuration list for PBXProject "IosSummerProject" */ = {
			isa = XCConfigurationList;
			buildConfigurations = (
				A4E8F09E24C0FC5E00B7A26F /* Debug */,
				A4E8F09F24C0FC5E00B7A26F /* Release */,
			);
			defaultConfigurationIsVisible = 0;
			defaultConfigurationName = Release;
		};
		A4E8F0A024C0FC5E00B7A26F /* Build configuration list for PBXNativeTarget "IosSummerProject" */ = {
			isa = XCConfigurationList;
			buildConfigurations = (
				A4E8F0A124C0FC5E00B7A26F /* Debug */,
				A4E8F0A224C0FC5E00B7A26F /* Release */,
			);
			defaultConfigurationIsVisible = 0;
			defaultConfigurationName = Release;
		};
/* End XCConfigurationList section */
	};
	rootObject = A4E8F08424C0FC5C00B7A26F /* Project object */;
}
