// !$*UTF8*$!
{
	archiveVersion = 1;
	classes = {
	};
	objectVersion = 51;
	objects = {

/* Begin PBXBuildFile section */
		3D3A1C8E24D835DF00ED2026 /* PreviewCommsViewController.swift in Sources */ = {isa = PBXBuildFile; fileRef = 3D3A1C8D24D835DF00ED2026 /* PreviewCommsViewController.swift */; };
		3D3A1C9024D835EC00ED2026 /* PreviewComms.storyboard in Resources */ = {isa = PBXBuildFile; fileRef = 3D3A1C8F24D835EC00ED2026 /* PreviewComms.storyboard */; };
		3D3A1C9224D8362F00ED2026 /* PreviewCommsPresenter.swift in Sources */ = {isa = PBXBuildFile; fileRef = 3D3A1C9124D8362F00ED2026 /* PreviewCommsPresenter.swift */; };
		3D3A1C9424D8363C00ED2026 /* PreviewCommsPresenterProtocol.swift in Sources */ = {isa = PBXBuildFile; fileRef = 3D3A1C9324D8363C00ED2026 /* PreviewCommsPresenterProtocol.swift */; };
		5749576FCE024B97558D19A0 /* Pods_IosSummerProject.framework in Frameworks */ = {isa = PBXBuildFile; fileRef = 6999B1C100CB54EE64B7DF27 /* Pods_IosSummerProject.framework */; };
		702C115724C5B5FB00799497 /* Article.swift in Sources */ = {isa = PBXBuildFile; fileRef = 702C115624C5B5FB00799497 /* Article.swift */; };
		702C115924C5B73200799497 /* User.swift in Sources */ = {isa = PBXBuildFile; fileRef = 702C115824C5B73200799497 /* User.swift */; };
		702C115B24C5B73F00799497 /* Category.swift in Sources */ = {isa = PBXBuildFile; fileRef = 702C115A24C5B73F00799497 /* Category.swift */; };
		702C115E24C5B9D000799497 /* ApiService.swift in Sources */ = {isa = PBXBuildFile; fileRef = 702C115D24C5B9D000799497 /* ApiService.swift */; };
		702C116C24CECAF600799497 /* MockCommsListPresenterDelegate.swift in Sources */ = {isa = PBXBuildFile; fileRef = 702C116B24CECAF600799497 /* MockCommsListPresenterDelegate.swift */; };
		702C116E24CECB1000799497 /* MockCommsListPresenterView.swift in Sources */ = {isa = PBXBuildFile; fileRef = 702C116D24CECB1000799497 /* MockCommsListPresenterView.swift */; };
		702C117024CECB2100799497 /* MockApiService.swift in Sources */ = {isa = PBXBuildFile; fileRef = 702C116F24CECB2100799497 /* MockApiService.swift */; };
		702C117224CECB9000799497 /* CommsListPresenterTests.swift in Sources */ = {isa = PBXBuildFile; fileRef = 702C117124CECB9000799497 /* CommsListPresenterTests.swift */; };
		71127A0024D15656005FC4A3 /* Poppins-Regular.ttf in Resources */ = {isa = PBXBuildFile; fileRef = 711279FF24D15656005FC4A3 /* Poppins-Regular.ttf */; };
		7134098324CD6E93001C7A8F /* EditCommsViewController.swift in Sources */ = {isa = PBXBuildFile; fileRef = 7134098224CD6E93001C7A8F /* EditCommsViewController.swift */; };
		7134098524CD6EA0001C7A8F /* EditComms.storyboard in Resources */ = {isa = PBXBuildFile; fileRef = 7134098424CD6EA0001C7A8F /* EditComms.storyboard */; };
		7134098724CD6EAF001C7A8F /* EditCommsPresenter.swift in Sources */ = {isa = PBXBuildFile; fileRef = 7134098624CD6EAF001C7A8F /* EditCommsPresenter.swift */; };
		7134098924CD6EBA001C7A8F /* EditCommsPresenterProtocol.swift in Sources */ = {isa = PBXBuildFile; fileRef = 7134098824CD6EBA001C7A8F /* EditCommsPresenterProtocol.swift */; };
		71ABAD8024C324CF00E48992 /* AddCommsViewController.swift in Sources */ = {isa = PBXBuildFile; fileRef = 71ABAD7F24C324CF00E48992 /* AddCommsViewController.swift */; };
		71ABAD8224C324E700E48992 /* AddComms.storyboard in Resources */ = {isa = PBXBuildFile; fileRef = 71ABAD8124C324E700E48992 /* AddComms.storyboard */; };
		71ABAD8524C3254000E48992 /* AddCommsPresenter.swift in Sources */ = {isa = PBXBuildFile; fileRef = 71ABAD8424C3254000E48992 /* AddCommsPresenter.swift */; };
		71ABAD8724C3254D00E48992 /* AddCommsPresenterProtocol.swift in Sources */ = {isa = PBXBuildFile; fileRef = 71ABAD8624C3254D00E48992 /* AddCommsPresenterProtocol.swift */; };
		71ABAD8B24C325C300E48992 /* CommsDetailViewController.swift in Sources */ = {isa = PBXBuildFile; fileRef = 71ABAD8A24C325C300E48992 /* CommsDetailViewController.swift */; };
		71ABAD8D24C325D900E48992 /* CommsDetail.storyboard in Resources */ = {isa = PBXBuildFile; fileRef = 71ABAD8C24C325D900E48992 /* CommsDetail.storyboard */; };
		71ABAD9024C325F100E48992 /* CommsDetailPresenter.swift in Sources */ = {isa = PBXBuildFile; fileRef = 71ABAD8F24C325F100E48992 /* CommsDetailPresenter.swift */; };
		71ABAD9224C325FD00E48992 /* CommsDetailPresenterProtocol.swift in Sources */ = {isa = PBXBuildFile; fileRef = 71ABAD9124C325FD00E48992 /* CommsDetailPresenterProtocol.swift */; };
		71ABAD9424C3267C00E48992 /* CommsListViewController.swift in Sources */ = {isa = PBXBuildFile; fileRef = 71ABAD9324C3267C00E48992 /* CommsListViewController.swift */; };
		71ABAD9624C3269600E48992 /* CommsList.storyboard in Resources */ = {isa = PBXBuildFile; fileRef = 71ABAD9524C3269600E48992 /* CommsList.storyboard */; };
		71ABADAE24C57EDF00E48992 /* IosSummerProjectTests.swift in Sources */ = {isa = PBXBuildFile; fileRef = 71ABADAD24C57EDF00E48992 /* IosSummerProjectTests.swift */; };
		71ABADB824C5A99400E48992 /* CommsCell.swift in Sources */ = {isa = PBXBuildFile; fileRef = 71ABADB624C5A99400E48992 /* CommsCell.swift */; };
		71ABADB924C5A99400E48992 /* CommsCell.xib in Resources */ = {isa = PBXBuildFile; fileRef = 71ABADB724C5A99400E48992 /* CommsCell.xib */; };
		71ABADBF24C883CF00E48992 /* CommsListViewControllerTests.swift in Sources */ = {isa = PBXBuildFile; fileRef = 71ABADBE24C883CF00E48992 /* CommsListViewControllerTests.swift */; };
		71ABADC224C8849500E48992 /* MockCommsListPresenter.swift in Sources */ = {isa = PBXBuildFile; fileRef = 71ABADC124C8849500E48992 /* MockCommsListPresenter.swift */; };
		A491B82A24CED8060069559A /* ShowCategoriesViewController.swift in Sources */ = {isa = PBXBuildFile; fileRef = A491B82924CED8060069559A /* ShowCategoriesViewController.swift */; };
		A491B82C24CED8190069559A /* ShowCategories.storyboard in Resources */ = {isa = PBXBuildFile; fileRef = A491B82B24CED8190069559A /* ShowCategories.storyboard */; };
		A491B82E24CED82F0069559A /* ShowCategoriesPresenter.swift in Sources */ = {isa = PBXBuildFile; fileRef = A491B82D24CED82F0069559A /* ShowCategoriesPresenter.swift */; };
		A491B83024CED8430069559A /* ShowCategoriesPresenterProtocol.swift in Sources */ = {isa = PBXBuildFile; fileRef = A491B82F24CED8430069559A /* ShowCategoriesPresenterProtocol.swift */; };
		A491B83424CEF1AB0069559A /* CategoryCell.swift in Sources */ = {isa = PBXBuildFile; fileRef = A491B83224CEF1AB0069559A /* CategoryCell.swift */; };
		A491B83524CEF1AB0069559A /* CategoryCell.xib in Resources */ = {isa = PBXBuildFile; fileRef = A491B83324CEF1AB0069559A /* CategoryCell.xib */; };
		A4E8F09024C0FC5C00B7A26F /* AppDelegate.swift in Sources */ = {isa = PBXBuildFile; fileRef = A4E8F08F24C0FC5C00B7A26F /* AppDelegate.swift */; };
		A4E8F09224C0FC5C00B7A26F /* SceneDelegate.swift in Sources */ = {isa = PBXBuildFile; fileRef = A4E8F09124C0FC5C00B7A26F /* SceneDelegate.swift */; };
		A4E8F09424C0FC5C00B7A26F /* ViewController.swift in Sources */ = {isa = PBXBuildFile; fileRef = A4E8F09324C0FC5C00B7A26F /* ViewController.swift */; };
		A4E8F09724C0FC5C00B7A26F /* Main.storyboard in Resources */ = {isa = PBXBuildFile; fileRef = A4E8F09524C0FC5C00B7A26F /* Main.storyboard */; };
		A4E8F09924C0FC5E00B7A26F /* Assets.xcassets in Resources */ = {isa = PBXBuildFile; fileRef = A4E8F09824C0FC5E00B7A26F /* Assets.xcassets */; };
		A4E8F09C24C0FC5E00B7A26F /* LaunchScreen.storyboard in Resources */ = {isa = PBXBuildFile; fileRef = A4E8F09A24C0FC5E00B7A26F /* LaunchScreen.storyboard */; };
		A4E8F0A824C0FD3300B7A26F /* Coordinator.swift in Sources */ = {isa = PBXBuildFile; fileRef = A4E8F0A724C0FD3300B7A26F /* Coordinator.swift */; };
		A4E8F0AA24C0FD3F00B7A26F /* AppCoordinator.swift in Sources */ = {isa = PBXBuildFile; fileRef = A4E8F0A924C0FD3F00B7A26F /* AppCoordinator.swift */; };
		A4E8F0AC24C0FD5100B7A26F /* StoryBoarded.swift in Sources */ = {isa = PBXBuildFile; fileRef = A4E8F0AB24C0FD5100B7A26F /* StoryBoarded.swift */; };
		A4E8F0AF24C0FD6B00B7A26F /* Constants.swift in Sources */ = {isa = PBXBuildFile; fileRef = A4E8F0AE24C0FD6B00B7A26F /* Constants.swift */; };
		A4E8F0B724C1001B00B7A26F /* CommsCoordinator.swift in Sources */ = {isa = PBXBuildFile; fileRef = A4E8F0B624C1001B00B7A26F /* CommsCoordinator.swift */; };
		A4E8F0B924C1002E00B7A26F /* CommsListPresenterProcol.swift in Sources */ = {isa = PBXBuildFile; fileRef = A4E8F0B824C1002E00B7A26F /* CommsListPresenterProcol.swift */; };
		A4E8F0BB24C1004600B7A26F /* CommsListPresenter.swift in Sources */ = {isa = PBXBuildFile; fileRef = A4E8F0BA24C1004600B7A26F /* CommsListPresenter.swift */; };
		A4E8F0DB24C1067B00B7A26F /* BrowseTagsCoordinator.swift in Sources */ = {isa = PBXBuildFile; fileRef = A4E8F0DA24C1067B00B7A26F /* BrowseTagsCoordinator.swift */; };
		A4E8F0DD24C1069100B7A26F /* BrowseTagsPresenter.swift in Sources */ = {isa = PBXBuildFile; fileRef = A4E8F0DC24C1069100B7A26F /* BrowseTagsPresenter.swift */; };
		A4E8F0DF24C106A500B7A26F /* BrowseTagsPresenterProtocol.swift in Sources */ = {isa = PBXBuildFile; fileRef = A4E8F0DE24C106A500B7A26F /* BrowseTagsPresenterProtocol.swift */; };
		A4E8F0E124C106BE00B7A26F /* BrowseTagsViewController.swift in Sources */ = {isa = PBXBuildFile; fileRef = A4E8F0E024C106BE00B7A26F /* BrowseTagsViewController.swift */; };
		A4E8F0E324C106CA00B7A26F /* BrowseTags.storyboard in Resources */ = {isa = PBXBuildFile; fileRef = A4E8F0E224C106CA00B7A26F /* BrowseTags.storyboard */; };
		A4E8F0E824C1079200B7A26F /* EditTagsPresenter.swift in Sources */ = {isa = PBXBuildFile; fileRef = A4E8F0E724C1079200B7A26F /* EditTagsPresenter.swift */; };
		A4E8F0EA24C107A000B7A26F /* EditTagsPresenterProtocol.swift in Sources */ = {isa = PBXBuildFile; fileRef = A4E8F0E924C107A000B7A26F /* EditTagsPresenterProtocol.swift */; };
		A4E8F0EC24C107B800B7A26F /* EditTagsViewController.swift in Sources */ = {isa = PBXBuildFile; fileRef = A4E8F0EB24C107B800B7A26F /* EditTagsViewController.swift */; };
		A4E8F0EE24C107C200B7A26F /* EditTags.storyboard in Resources */ = {isa = PBXBuildFile; fileRef = A4E8F0ED24C107C200B7A26F /* EditTags.storyboard */; };
		A4E8F0F324C1088300B7A26F /* AddTagPresenter.swift in Sources */ = {isa = PBXBuildFile; fileRef = A4E8F0F224C1088300B7A26F /* AddTagPresenter.swift */; };
		A4E8F0F524C1089100B7A26F /* AddTagPresenterProtocol.swift in Sources */ = {isa = PBXBuildFile; fileRef = A4E8F0F424C1089100B7A26F /* AddTagPresenterProtocol.swift */; };
		A4E8F0F724C108A100B7A26F /* AddTagViewController.swift in Sources */ = {isa = PBXBuildFile; fileRef = A4E8F0F624C108A100B7A26F /* AddTagViewController.swift */; };
		A4E8F0F924C1090D00B7A26F /* AddTag.storyboard in Resources */ = {isa = PBXBuildFile; fileRef = A4E8F0F824C1090D00B7A26F /* AddTag.storyboard */; };
		A4E8F0FC24C10BBA00B7A26F /* TabBarCoordinator.swift in Sources */ = {isa = PBXBuildFile; fileRef = A4E8F0FB24C10BBA00B7A26F /* TabBarCoordinator.swift */; };
		A4E8F10124C10C2100B7A26F /* LoginCoordinator.swift in Sources */ = {isa = PBXBuildFile; fileRef = A4E8F10024C10C2100B7A26F /* LoginCoordinator.swift */; };
		A4E8F10424C10C3700B7A26F /* LoginPresenterProtocol.swift in Sources */ = {isa = PBXBuildFile; fileRef = A4E8F10324C10C3700B7A26F /* LoginPresenterProtocol.swift */; };
		A4E8F10624C10C4200B7A26F /* LoginPresenter.swift in Sources */ = {isa = PBXBuildFile; fileRef = A4E8F10524C10C4200B7A26F /* LoginPresenter.swift */; };
		A4E8F10824C10C4E00B7A26F /* LoginViewController.swift in Sources */ = {isa = PBXBuildFile; fileRef = A4E8F10724C10C4E00B7A26F /* LoginViewController.swift */; };
		A4E8F10A24C10C5C00B7A26F /* Login.storyboard in Resources */ = {isa = PBXBuildFile; fileRef = A4E8F10924C10C5C00B7A26F /* Login.storyboard */; };
		A4E8F11124C5C68D00B7A26F /* PostRequest.swift in Sources */ = {isa = PBXBuildFile; fileRef = A4E8F11024C5C68D00B7A26F /* PostRequest.swift */; };
		D282019E24C59FE100CD15DD /* ComsContent.swift in Sources */ = {isa = PBXBuildFile; fileRef = D282019D24C59FE100CD15DD /* ComsContent.swift */; };
		D28201A024C71F3800CD15DD /* CustomActionSheet.swift in Sources */ = {isa = PBXBuildFile; fileRef = D282019F24C71F3800CD15DD /* CustomActionSheet.swift */; };
		D28201A224C842D900CD15DD /* AddCommsViewControllerTests.swift in Sources */ = {isa = PBXBuildFile; fileRef = D28201A124C842D900CD15DD /* AddCommsViewControllerTests.swift */; };
		D28201A524C8447E00CD15DD /* MockAddCommsPresenter.swift in Sources */ = {isa = PBXBuildFile; fileRef = D28201A424C8447E00CD15DD /* MockAddCommsPresenter.swift */; };
		D28201AC24C8462100CD15DD /* AddCommsPresenterTests.swift in Sources */ = {isa = PBXBuildFile; fileRef = D28201AB24C8462100CD15DD /* AddCommsPresenterTests.swift */; };
		D2ACCDE324D07B40000A4C2B /* LabelButton.swift in Sources */ = {isa = PBXBuildFile; fileRef = D2ACCDE224D07B40000A4C2B /* LabelButton.swift */; };
/* End PBXBuildFile section */

/* Begin PBXContainerItemProxy section */
		71ABADB024C57EDF00E48992 /* PBXContainerItemProxy */ = {
			isa = PBXContainerItemProxy;
			containerPortal = A4E8F08424C0FC5C00B7A26F /* Project object */;
			proxyType = 1;
			remoteGlobalIDString = A4E8F08B24C0FC5C00B7A26F;
			remoteInfo = IosSummerProject;
		};
/* End PBXContainerItemProxy section */

/* Begin PBXFileReference section */
		1E04CAA0DF92A24A31A88343 /* Pods-IosSummerProject.debug.xcconfig */ = {isa = PBXFileReference; includeInIndex = 1; lastKnownFileType = text.xcconfig; name = "Pods-IosSummerProject.debug.xcconfig"; path = "Target Support Files/Pods-IosSummerProject/Pods-IosSummerProject.debug.xcconfig"; sourceTree = "<group>"; };
		3D3A1C8D24D835DF00ED2026 /* PreviewCommsViewController.swift */ = {isa = PBXFileReference; lastKnownFileType = sourcecode.swift; path = PreviewCommsViewController.swift; sourceTree = "<group>"; };
		3D3A1C8F24D835EC00ED2026 /* PreviewComms.storyboard */ = {isa = PBXFileReference; lastKnownFileType = file.storyboard; path = PreviewComms.storyboard; sourceTree = "<group>"; };
		3D3A1C9124D8362F00ED2026 /* PreviewCommsPresenter.swift */ = {isa = PBXFileReference; lastKnownFileType = sourcecode.swift; path = PreviewCommsPresenter.swift; sourceTree = "<group>"; };
		3D3A1C9324D8363C00ED2026 /* PreviewCommsPresenterProtocol.swift */ = {isa = PBXFileReference; lastKnownFileType = sourcecode.swift; path = PreviewCommsPresenterProtocol.swift; sourceTree = "<group>"; };
		6999B1C100CB54EE64B7DF27 /* Pods_IosSummerProject.framework */ = {isa = PBXFileReference; explicitFileType = wrapper.framework; includeInIndex = 0; path = Pods_IosSummerProject.framework; sourceTree = BUILT_PRODUCTS_DIR; };
		702C115624C5B5FB00799497 /* Article.swift */ = {isa = PBXFileReference; lastKnownFileType = sourcecode.swift; path = Article.swift; sourceTree = "<group>"; };
		702C115824C5B73200799497 /* User.swift */ = {isa = PBXFileReference; lastKnownFileType = sourcecode.swift; path = User.swift; sourceTree = "<group>"; };
		702C115A24C5B73F00799497 /* Category.swift */ = {isa = PBXFileReference; lastKnownFileType = sourcecode.swift; path = Category.swift; sourceTree = "<group>"; };
		702C115D24C5B9D000799497 /* ApiService.swift */ = {isa = PBXFileReference; lastKnownFileType = sourcecode.swift; path = ApiService.swift; sourceTree = "<group>"; };
		702C116B24CECAF600799497 /* MockCommsListPresenterDelegate.swift */ = {isa = PBXFileReference; lastKnownFileType = sourcecode.swift; path = MockCommsListPresenterDelegate.swift; sourceTree = "<group>"; };
		702C116D24CECB1000799497 /* MockCommsListPresenterView.swift */ = {isa = PBXFileReference; lastKnownFileType = sourcecode.swift; path = MockCommsListPresenterView.swift; sourceTree = "<group>"; };
		702C116F24CECB2100799497 /* MockApiService.swift */ = {isa = PBXFileReference; lastKnownFileType = sourcecode.swift; path = MockApiService.swift; sourceTree = "<group>"; };
		702C117124CECB9000799497 /* CommsListPresenterTests.swift */ = {isa = PBXFileReference; lastKnownFileType = sourcecode.swift; path = CommsListPresenterTests.swift; sourceTree = "<group>"; };
		711279FF24D15656005FC4A3 /* Poppins-Regular.ttf */ = {isa = PBXFileReference; lastKnownFileType = file; path = "Poppins-Regular.ttf"; sourceTree = "<group>"; };
		7134097E24CC2F3C001C7A8F /* IosSummerProject.entitlements */ = {isa = PBXFileReference; lastKnownFileType = text.plist.entitlements; path = IosSummerProject.entitlements; sourceTree = "<group>"; };
		7134098224CD6E93001C7A8F /* EditCommsViewController.swift */ = {isa = PBXFileReference; lastKnownFileType = sourcecode.swift; path = EditCommsViewController.swift; sourceTree = "<group>"; };
		7134098424CD6EA0001C7A8F /* EditComms.storyboard */ = {isa = PBXFileReference; lastKnownFileType = file.storyboard; path = EditComms.storyboard; sourceTree = "<group>"; };
		7134098624CD6EAF001C7A8F /* EditCommsPresenter.swift */ = {isa = PBXFileReference; lastKnownFileType = sourcecode.swift; path = EditCommsPresenter.swift; sourceTree = "<group>"; };
		7134098824CD6EBA001C7A8F /* EditCommsPresenterProtocol.swift */ = {isa = PBXFileReference; lastKnownFileType = sourcecode.swift; path = EditCommsPresenterProtocol.swift; sourceTree = "<group>"; };
		71ABAD7F24C324CF00E48992 /* AddCommsViewController.swift */ = {isa = PBXFileReference; lastKnownFileType = sourcecode.swift; path = AddCommsViewController.swift; sourceTree = "<group>"; };
		71ABAD8124C324E700E48992 /* AddComms.storyboard */ = {isa = PBXFileReference; lastKnownFileType = file.storyboard; path = AddComms.storyboard; sourceTree = "<group>"; };
		71ABAD8424C3254000E48992 /* AddCommsPresenter.swift */ = {isa = PBXFileReference; lastKnownFileType = sourcecode.swift; path = AddCommsPresenter.swift; sourceTree = "<group>"; };
		71ABAD8624C3254D00E48992 /* AddCommsPresenterProtocol.swift */ = {isa = PBXFileReference; lastKnownFileType = sourcecode.swift; path = AddCommsPresenterProtocol.swift; sourceTree = "<group>"; };
		71ABAD8A24C325C300E48992 /* CommsDetailViewController.swift */ = {isa = PBXFileReference; lastKnownFileType = sourcecode.swift; path = CommsDetailViewController.swift; sourceTree = "<group>"; };
		71ABAD8C24C325D900E48992 /* CommsDetail.storyboard */ = {isa = PBXFileReference; lastKnownFileType = file.storyboard; path = CommsDetail.storyboard; sourceTree = "<group>"; };
		71ABAD8F24C325F100E48992 /* CommsDetailPresenter.swift */ = {isa = PBXFileReference; lastKnownFileType = sourcecode.swift; path = CommsDetailPresenter.swift; sourceTree = "<group>"; };
		71ABAD9124C325FD00E48992 /* CommsDetailPresenterProtocol.swift */ = {isa = PBXFileReference; lastKnownFileType = sourcecode.swift; path = CommsDetailPresenterProtocol.swift; sourceTree = "<group>"; };
		71ABAD9324C3267C00E48992 /* CommsListViewController.swift */ = {isa = PBXFileReference; lastKnownFileType = sourcecode.swift; path = CommsListViewController.swift; sourceTree = "<group>"; };
		71ABAD9524C3269600E48992 /* CommsList.storyboard */ = {isa = PBXFileReference; lastKnownFileType = file.storyboard; path = CommsList.storyboard; sourceTree = "<group>"; };
		71ABADAB24C57EDF00E48992 /* IosSummerProjectTests.xctest */ = {isa = PBXFileReference; explicitFileType = wrapper.cfbundle; includeInIndex = 0; path = IosSummerProjectTests.xctest; sourceTree = BUILT_PRODUCTS_DIR; };
		71ABADAD24C57EDF00E48992 /* IosSummerProjectTests.swift */ = {isa = PBXFileReference; lastKnownFileType = sourcecode.swift; path = IosSummerProjectTests.swift; sourceTree = "<group>"; };
		71ABADAF24C57EDF00E48992 /* Info.plist */ = {isa = PBXFileReference; lastKnownFileType = text.plist.xml; path = Info.plist; sourceTree = "<group>"; };
		71ABADB624C5A99400E48992 /* CommsCell.swift */ = {isa = PBXFileReference; lastKnownFileType = sourcecode.swift; path = CommsCell.swift; sourceTree = "<group>"; };
		71ABADB724C5A99400E48992 /* CommsCell.xib */ = {isa = PBXFileReference; lastKnownFileType = file.xib; path = CommsCell.xib; sourceTree = "<group>"; };
		71ABADBE24C883CF00E48992 /* CommsListViewControllerTests.swift */ = {isa = PBXFileReference; lastKnownFileType = sourcecode.swift; path = CommsListViewControllerTests.swift; sourceTree = "<group>"; };
		71ABADC124C8849500E48992 /* MockCommsListPresenter.swift */ = {isa = PBXFileReference; lastKnownFileType = sourcecode.swift; path = MockCommsListPresenter.swift; sourceTree = "<group>"; };
		A491B82924CED8060069559A /* ShowCategoriesViewController.swift */ = {isa = PBXFileReference; lastKnownFileType = sourcecode.swift; path = ShowCategoriesViewController.swift; sourceTree = "<group>"; };
		A491B82B24CED8190069559A /* ShowCategories.storyboard */ = {isa = PBXFileReference; lastKnownFileType = file.storyboard; path = ShowCategories.storyboard; sourceTree = "<group>"; };
		A491B82D24CED82F0069559A /* ShowCategoriesPresenter.swift */ = {isa = PBXFileReference; lastKnownFileType = sourcecode.swift; path = ShowCategoriesPresenter.swift; sourceTree = "<group>"; };
		A491B82F24CED8430069559A /* ShowCategoriesPresenterProtocol.swift */ = {isa = PBXFileReference; lastKnownFileType = sourcecode.swift; path = ShowCategoriesPresenterProtocol.swift; sourceTree = "<group>"; };
		A491B83224CEF1AB0069559A /* CategoryCell.swift */ = {isa = PBXFileReference; lastKnownFileType = sourcecode.swift; path = CategoryCell.swift; sourceTree = "<group>"; };
		A491B83324CEF1AB0069559A /* CategoryCell.xib */ = {isa = PBXFileReference; lastKnownFileType = file.xib; path = CategoryCell.xib; sourceTree = "<group>"; };
		A4E8F08C24C0FC5C00B7A26F /* IosSummerProject.app */ = {isa = PBXFileReference; explicitFileType = wrapper.application; includeInIndex = 0; path = IosSummerProject.app; sourceTree = BUILT_PRODUCTS_DIR; };
		A4E8F08F24C0FC5C00B7A26F /* AppDelegate.swift */ = {isa = PBXFileReference; lastKnownFileType = sourcecode.swift; path = AppDelegate.swift; sourceTree = "<group>"; };
		A4E8F09124C0FC5C00B7A26F /* SceneDelegate.swift */ = {isa = PBXFileReference; lastKnownFileType = sourcecode.swift; path = SceneDelegate.swift; sourceTree = "<group>"; };
		A4E8F09324C0FC5C00B7A26F /* ViewController.swift */ = {isa = PBXFileReference; lastKnownFileType = sourcecode.swift; path = ViewController.swift; sourceTree = "<group>"; };
		A4E8F09624C0FC5C00B7A26F /* Base */ = {isa = PBXFileReference; lastKnownFileType = file.storyboard; name = Base; path = Base.lproj/Main.storyboard; sourceTree = "<group>"; };
		A4E8F09824C0FC5E00B7A26F /* Assets.xcassets */ = {isa = PBXFileReference; lastKnownFileType = folder.assetcatalog; path = Assets.xcassets; sourceTree = "<group>"; };
		A4E8F09B24C0FC5E00B7A26F /* Base */ = {isa = PBXFileReference; lastKnownFileType = file.storyboard; name = Base; path = Base.lproj/LaunchScreen.storyboard; sourceTree = "<group>"; };
		A4E8F09D24C0FC5E00B7A26F /* Info.plist */ = {isa = PBXFileReference; lastKnownFileType = text.plist.xml; path = Info.plist; sourceTree = "<group>"; };
		A4E8F0A724C0FD3300B7A26F /* Coordinator.swift */ = {isa = PBXFileReference; lastKnownFileType = sourcecode.swift; path = Coordinator.swift; sourceTree = "<group>"; };
		A4E8F0A924C0FD3F00B7A26F /* AppCoordinator.swift */ = {isa = PBXFileReference; lastKnownFileType = sourcecode.swift; path = AppCoordinator.swift; sourceTree = "<group>"; };
		A4E8F0AB24C0FD5100B7A26F /* StoryBoarded.swift */ = {isa = PBXFileReference; lastKnownFileType = sourcecode.swift; path = StoryBoarded.swift; sourceTree = "<group>"; };
		A4E8F0AE24C0FD6B00B7A26F /* Constants.swift */ = {isa = PBXFileReference; lastKnownFileType = sourcecode.swift; path = Constants.swift; sourceTree = "<group>"; };
		A4E8F0B624C1001B00B7A26F /* CommsCoordinator.swift */ = {isa = PBXFileReference; lastKnownFileType = sourcecode.swift; path = CommsCoordinator.swift; sourceTree = "<group>"; };
		A4E8F0B824C1002E00B7A26F /* CommsListPresenterProcol.swift */ = {isa = PBXFileReference; lastKnownFileType = sourcecode.swift; path = CommsListPresenterProcol.swift; sourceTree = "<group>"; };
		A4E8F0BA24C1004600B7A26F /* CommsListPresenter.swift */ = {isa = PBXFileReference; lastKnownFileType = sourcecode.swift; path = CommsListPresenter.swift; sourceTree = "<group>"; };
		A4E8F0DA24C1067B00B7A26F /* BrowseTagsCoordinator.swift */ = {isa = PBXFileReference; lastKnownFileType = sourcecode.swift; path = BrowseTagsCoordinator.swift; sourceTree = "<group>"; };
		A4E8F0DC24C1069100B7A26F /* BrowseTagsPresenter.swift */ = {isa = PBXFileReference; lastKnownFileType = sourcecode.swift; path = BrowseTagsPresenter.swift; sourceTree = "<group>"; };
		A4E8F0DE24C106A500B7A26F /* BrowseTagsPresenterProtocol.swift */ = {isa = PBXFileReference; lastKnownFileType = sourcecode.swift; path = BrowseTagsPresenterProtocol.swift; sourceTree = "<group>"; };
		A4E8F0E024C106BE00B7A26F /* BrowseTagsViewController.swift */ = {isa = PBXFileReference; lastKnownFileType = sourcecode.swift; path = BrowseTagsViewController.swift; sourceTree = "<group>"; };
		A4E8F0E224C106CA00B7A26F /* BrowseTags.storyboard */ = {isa = PBXFileReference; lastKnownFileType = file.storyboard; path = BrowseTags.storyboard; sourceTree = "<group>"; };
		A4E8F0E724C1079200B7A26F /* EditTagsPresenter.swift */ = {isa = PBXFileReference; lastKnownFileType = sourcecode.swift; path = EditTagsPresenter.swift; sourceTree = "<group>"; };
		A4E8F0E924C107A000B7A26F /* EditTagsPresenterProtocol.swift */ = {isa = PBXFileReference; lastKnownFileType = sourcecode.swift; path = EditTagsPresenterProtocol.swift; sourceTree = "<group>"; };
		A4E8F0EB24C107B800B7A26F /* EditTagsViewController.swift */ = {isa = PBXFileReference; lastKnownFileType = sourcecode.swift; path = EditTagsViewController.swift; sourceTree = "<group>"; };
		A4E8F0ED24C107C200B7A26F /* EditTags.storyboard */ = {isa = PBXFileReference; lastKnownFileType = file.storyboard; path = EditTags.storyboard; sourceTree = "<group>"; };
		A4E8F0F224C1088300B7A26F /* AddTagPresenter.swift */ = {isa = PBXFileReference; lastKnownFileType = sourcecode.swift; path = AddTagPresenter.swift; sourceTree = "<group>"; };
		A4E8F0F424C1089100B7A26F /* AddTagPresenterProtocol.swift */ = {isa = PBXFileReference; lastKnownFileType = sourcecode.swift; path = AddTagPresenterProtocol.swift; sourceTree = "<group>"; };
		A4E8F0F624C108A100B7A26F /* AddTagViewController.swift */ = {isa = PBXFileReference; lastKnownFileType = sourcecode.swift; path = AddTagViewController.swift; sourceTree = "<group>"; };
		A4E8F0F824C1090D00B7A26F /* AddTag.storyboard */ = {isa = PBXFileReference; lastKnownFileType = file.storyboard; path = AddTag.storyboard; sourceTree = "<group>"; };
		A4E8F0FB24C10BBA00B7A26F /* TabBarCoordinator.swift */ = {isa = PBXFileReference; lastKnownFileType = sourcecode.swift; path = TabBarCoordinator.swift; sourceTree = "<group>"; };
		A4E8F10024C10C2100B7A26F /* LoginCoordinator.swift */ = {isa = PBXFileReference; lastKnownFileType = sourcecode.swift; path = LoginCoordinator.swift; sourceTree = "<group>"; };
		A4E8F10324C10C3700B7A26F /* LoginPresenterProtocol.swift */ = {isa = PBXFileReference; lastKnownFileType = sourcecode.swift; path = LoginPresenterProtocol.swift; sourceTree = "<group>"; };
		A4E8F10524C10C4200B7A26F /* LoginPresenter.swift */ = {isa = PBXFileReference; lastKnownFileType = sourcecode.swift; path = LoginPresenter.swift; sourceTree = "<group>"; };
		A4E8F10724C10C4E00B7A26F /* LoginViewController.swift */ = {isa = PBXFileReference; lastKnownFileType = sourcecode.swift; path = LoginViewController.swift; sourceTree = "<group>"; };
		A4E8F10924C10C5C00B7A26F /* Login.storyboard */ = {isa = PBXFileReference; lastKnownFileType = file.storyboard; path = Login.storyboard; sourceTree = "<group>"; };
		A4E8F11024C5C68D00B7A26F /* PostRequest.swift */ = {isa = PBXFileReference; lastKnownFileType = sourcecode.swift; path = PostRequest.swift; sourceTree = "<group>"; };
		D282019D24C59FE100CD15DD /* ComsContent.swift */ = {isa = PBXFileReference; lastKnownFileType = sourcecode.swift; path = ComsContent.swift; sourceTree = "<group>"; };
		D282019F24C71F3800CD15DD /* CustomActionSheet.swift */ = {isa = PBXFileReference; lastKnownFileType = sourcecode.swift; path = CustomActionSheet.swift; sourceTree = "<group>"; };
		D28201A124C842D900CD15DD /* AddCommsViewControllerTests.swift */ = {isa = PBXFileReference; lastKnownFileType = sourcecode.swift; path = AddCommsViewControllerTests.swift; sourceTree = "<group>"; };
		D28201A424C8447E00CD15DD /* MockAddCommsPresenter.swift */ = {isa = PBXFileReference; lastKnownFileType = sourcecode.swift; path = MockAddCommsPresenter.swift; sourceTree = "<group>"; };
		D28201AB24C8462100CD15DD /* AddCommsPresenterTests.swift */ = {isa = PBXFileReference; lastKnownFileType = sourcecode.swift; path = AddCommsPresenterTests.swift; sourceTree = "<group>"; };
		D2ACCDE224D07B40000A4C2B /* LabelButton.swift */ = {isa = PBXFileReference; lastKnownFileType = sourcecode.swift; path = LabelButton.swift; sourceTree = "<group>"; };
		FFFDF5139D4752466148633B /* Pods-IosSummerProject.release.xcconfig */ = {isa = PBXFileReference; includeInIndex = 1; lastKnownFileType = text.xcconfig; name = "Pods-IosSummerProject.release.xcconfig"; path = "Target Support Files/Pods-IosSummerProject/Pods-IosSummerProject.release.xcconfig"; sourceTree = "<group>"; };
/* End PBXFileReference section */

/* Begin PBXFrameworksBuildPhase section */
		71ABADA824C57EDF00E48992 /* Frameworks */ = {
			isa = PBXFrameworksBuildPhase;
			buildActionMask = 2147483647;
			files = (
			);
			runOnlyForDeploymentPostprocessing = 0;
		};
		A4E8F08924C0FC5C00B7A26F /* Frameworks */ = {
			isa = PBXFrameworksBuildPhase;
			buildActionMask = 2147483647;
			files = (
				5749576FCE024B97558D19A0 /* Pods_IosSummerProject.framework in Frameworks */,
			);
			runOnlyForDeploymentPostprocessing = 0;
		};
/* End PBXFrameworksBuildPhase section */

/* Begin PBXGroup section */
		0D70B7E77407E54CA321789F /* Frameworks */ = {
			isa = PBXGroup;
			children = (
				6999B1C100CB54EE64B7DF27 /* Pods_IosSummerProject.framework */,
			);
			name = Frameworks;
			sourceTree = "<group>";
		};
		3D3A1C8A24D835B800ED2026 /* PreviewComms */ = {
			isa = PBXGroup;
			children = (
				3D3A1C8C24D835C800ED2026 /* Presenter */,
				3D3A1C8B24D835C100ED2026 /* View */,
			);
			path = PreviewComms;
			sourceTree = "<group>";
		};
		3D3A1C8B24D835C100ED2026 /* View */ = {
			isa = PBXGroup;
			children = (
				3D3A1C8D24D835DF00ED2026 /* PreviewCommsViewController.swift */,
				3D3A1C8F24D835EC00ED2026 /* PreviewComms.storyboard */,
			);
			path = View;
			sourceTree = "<group>";
		};
		3D3A1C8C24D835C800ED2026 /* Presenter */ = {
			isa = PBXGroup;
			children = (
				3D3A1C9124D8362F00ED2026 /* PreviewCommsPresenter.swift */,
				3D3A1C9324D8363C00ED2026 /* PreviewCommsPresenterProtocol.swift */,
			);
			path = Presenter;
			sourceTree = "<group>";
		};
		702C115524C5B5CB00799497 /* Models */ = {
			isa = PBXGroup;
			children = (
				702C115624C5B5FB00799497 /* Article.swift */,
				702C115824C5B73200799497 /* User.swift */,
				702C115A24C5B73F00799497 /* Category.swift */,
			);
			path = Models;
			sourceTree = "<group>";
		};
		702C115C24C5B9A600799497 /* API Service */ = {
			isa = PBXGroup;
			children = (
				702C115D24C5B9D000799497 /* ApiService.swift */,
			);
			path = "API Service";
			sourceTree = "<group>";
		};
		711279FE24D1560B005FC4A3 /* Font */ = {
			isa = PBXGroup;
			children = (
				711279FF24D15656005FC4A3 /* Poppins-Regular.ttf */,
			);
			path = Font;
			sourceTree = "<group>";
		};
		7134097F24CD6E64001C7A8F /* EditComms */ = {
			isa = PBXGroup;
			children = (
				7134098124CD6E79001C7A8F /* View */,
				7134098024CD6E6F001C7A8F /* Presenter */,
			);
			path = EditComms;
			sourceTree = "<group>";
		};
		7134098024CD6E6F001C7A8F /* Presenter */ = {
			isa = PBXGroup;
			children = (
				7134098624CD6EAF001C7A8F /* EditCommsPresenter.swift */,
				7134098824CD6EBA001C7A8F /* EditCommsPresenterProtocol.swift */,
			);
			path = Presenter;
			sourceTree = "<group>";
		};
		7134098124CD6E79001C7A8F /* View */ = {
			isa = PBXGroup;
			children = (
				7134098224CD6E93001C7A8F /* EditCommsViewController.swift */,
				7134098424CD6EA0001C7A8F /* EditComms.storyboard */,
			);
			path = View;
			sourceTree = "<group>";
		};
		71ABAD7D24C324AF00E48992 /* AddComms */ = {
			isa = PBXGroup;
			children = (
				71ABAD8324C3252D00E48992 /* Presenter */,
				71ABAD7E24C324BA00E48992 /* View */,
			);
			path = AddComms;
			sourceTree = "<group>";
		};
		71ABAD7E24C324BA00E48992 /* View */ = {
			isa = PBXGroup;
			children = (
				71ABAD7F24C324CF00E48992 /* AddCommsViewController.swift */,
				71ABAD8124C324E700E48992 /* AddComms.storyboard */,
				D28201A124C842D900CD15DD /* AddCommsViewControllerTests.swift */,
			);
			path = View;
			sourceTree = "<group>";
		};
		71ABAD8324C3252D00E48992 /* Presenter */ = {
			isa = PBXGroup;
			children = (
				71ABAD8424C3254000E48992 /* AddCommsPresenter.swift */,
				71ABAD8624C3254D00E48992 /* AddCommsPresenterProtocol.swift */,
			);
			path = Presenter;
			sourceTree = "<group>";
		};
		71ABAD8824C325A200E48992 /* CommsDetail */ = {
			isa = PBXGroup;
			children = (
				71ABAD8E24C325E100E48992 /* Presenter */,
				71ABAD8924C325AE00E48992 /* View */,
			);
			path = CommsDetail;
			sourceTree = "<group>";
		};
		71ABAD8924C325AE00E48992 /* View */ = {
			isa = PBXGroup;
			children = (
				71ABAD8A24C325C300E48992 /* CommsDetailViewController.swift */,
				71ABAD8C24C325D900E48992 /* CommsDetail.storyboard */,
			);
			path = View;
			sourceTree = "<group>";
		};
		71ABAD8E24C325E100E48992 /* Presenter */ = {
			isa = PBXGroup;
			children = (
				71ABAD8F24C325F100E48992 /* CommsDetailPresenter.swift */,
				71ABAD9124C325FD00E48992 /* CommsDetailPresenterProtocol.swift */,
			);
			path = Presenter;
			sourceTree = "<group>";
		};
		71ABADAC24C57EDF00E48992 /* IosSummerProjectTests */ = {
			isa = PBXGroup;
			children = (
				D28201A624C8455800CD15DD /* Tabs */,
				71ABADBA24C8833A00E48992 /* Tabs */,
				71ABADAD24C57EDF00E48992 /* IosSummerProjectTests.swift */,
				71ABADAF24C57EDF00E48992 /* Info.plist */,
			);
			path = IosSummerProjectTests;
			sourceTree = "<group>";
		};
		71ABADB524C5A95A00E48992 /* CommsCell */ = {
			isa = PBXGroup;
			children = (
				71ABADB624C5A99400E48992 /* CommsCell.swift */,
				71ABADB724C5A99400E48992 /* CommsCell.xib */,
			);
			path = CommsCell;
			sourceTree = "<group>";
		};
		71ABADBA24C8833A00E48992 /* Tabs */ = {
			isa = PBXGroup;
			children = (
				71ABADBB24C8835100E48992 /* CommsList */,
			);
			path = Tabs;
			sourceTree = "<group>";
		};
		71ABADBB24C8835100E48992 /* CommsList */ = {
			isa = PBXGroup;
			children = (
				71ABADC024C8847900E48992 /* Mocks */,
				71ABADBD24C8836E00E48992 /* Presenter */,
				71ABADBC24C8836800E48992 /* View */,
			);
			path = CommsList;
			sourceTree = "<group>";
		};
		71ABADBC24C8836800E48992 /* View */ = {
			isa = PBXGroup;
			children = (
				71ABADBE24C883CF00E48992 /* CommsListViewControllerTests.swift */,
			);
			path = View;
			sourceTree = "<group>";
		};
		71ABADBD24C8836E00E48992 /* Presenter */ = {
			isa = PBXGroup;
			children = (
				702C117124CECB9000799497 /* CommsListPresenterTests.swift */,
			);
			path = Presenter;
			sourceTree = "<group>";
		};
		71ABADC024C8847900E48992 /* Mocks */ = {
			isa = PBXGroup;
			children = (
				71ABADC124C8849500E48992 /* MockCommsListPresenter.swift */,
				702C116B24CECAF600799497 /* MockCommsListPresenterDelegate.swift */,
				702C116D24CECB1000799497 /* MockCommsListPresenterView.swift */,
				702C116F24CECB2100799497 /* MockApiService.swift */,
			);
			path = Mocks;
			sourceTree = "<group>";
		};
		A491B82624CED7CB0069559A /* ShowCategories */ = {
			isa = PBXGroup;
			children = (
				A491B82824CED7E40069559A /* View */,
				A491B82724CED7DD0069559A /* Presenter */,
			);
			path = ShowCategories;
			sourceTree = "<group>";
		};
		A491B82724CED7DD0069559A /* Presenter */ = {
			isa = PBXGroup;
			children = (
				A491B82D24CED82F0069559A /* ShowCategoriesPresenter.swift */,
				A491B82F24CED8430069559A /* ShowCategoriesPresenterProtocol.swift */,
			);
			path = Presenter;
			sourceTree = "<group>";
		};
		A491B82824CED7E40069559A /* View */ = {
			isa = PBXGroup;
			children = (
				A491B83124CEF17D0069559A /* CategoryCell */,
				A491B82924CED8060069559A /* ShowCategoriesViewController.swift */,
				A491B82B24CED8190069559A /* ShowCategories.storyboard */,
			);
			path = View;
			sourceTree = "<group>";
		};
		A491B83124CEF17D0069559A /* CategoryCell */ = {
			isa = PBXGroup;
			children = (
				A491B83224CEF1AB0069559A /* CategoryCell.swift */,
				A491B83324CEF1AB0069559A /* CategoryCell.xib */,
			);
			path = CategoryCell;
			sourceTree = "<group>";
		};
		A4E8F08324C0FC5C00B7A26F = {
			isa = PBXGroup;
			children = (
				A4E8F08E24C0FC5C00B7A26F /* IosSummerProject */,
				71ABADAC24C57EDF00E48992 /* IosSummerProjectTests */,
				A4E8F08D24C0FC5C00B7A26F /* Products */,
				DA16121C00B257EFD1955AEC /* Pods */,
				0D70B7E77407E54CA321789F /* Frameworks */,
			);
			sourceTree = "<group>";
		};
		A4E8F08D24C0FC5C00B7A26F /* Products */ = {
			isa = PBXGroup;
			children = (
				A4E8F08C24C0FC5C00B7A26F /* IosSummerProject.app */,
				71ABADAB24C57EDF00E48992 /* IosSummerProjectTests.xctest */,
			);
			name = Products;
			sourceTree = "<group>";
		};
		A4E8F08E24C0FC5C00B7A26F /* IosSummerProject */ = {
			isa = PBXGroup;
			children = (
				7134097E24CC2F3C001C7A8F /* IosSummerProject.entitlements */,
				D282019C24C59F8D00CD15DD /* Models */,
				A4E8F10B24C10C7E00B7A26F /* Services */,
				A4E8F0A424C0FCF600B7A26F /* Reuseables */,
				A4E8F0B024C0FDD400B7A26F /* Tabs */,
				A4E8F0FA24C10B6600B7A26F /* Login */,
				A4E8F08F24C0FC5C00B7A26F /* AppDelegate.swift */,
				A4E8F09124C0FC5C00B7A26F /* SceneDelegate.swift */,
				A4E8F09324C0FC5C00B7A26F /* ViewController.swift */,
				A4E8F09524C0FC5C00B7A26F /* Main.storyboard */,
				A4E8F09824C0FC5E00B7A26F /* Assets.xcassets */,
				A4E8F09A24C0FC5E00B7A26F /* LaunchScreen.storyboard */,
				A4E8F09D24C0FC5E00B7A26F /* Info.plist */,
				711279FE24D1560B005FC4A3 /* Font */,
			);
			path = IosSummerProject;
			sourceTree = "<group>";
		};
		A4E8F0A424C0FCF600B7A26F /* Reuseables */ = {
			isa = PBXGroup;
			children = (
				D2ACCDDF24D07ABB000A4C2B /* UIComponents */,
				A4E8F0A524C0FD1000B7A26F /* Protocols */,
				A4E8F0AD24C0FD5B00B7A26F /* Constants */,
			);
			path = Reuseables;
			sourceTree = "<group>";
		};
		A4E8F0A524C0FD1000B7A26F /* Protocols */ = {
			isa = PBXGroup;
			children = (
				A4E8F0A624C0FD1D00B7A26F /* Coordinator */,
			);
			path = Protocols;
			sourceTree = "<group>";
		};
		A4E8F0A624C0FD1D00B7A26F /* Coordinator */ = {
			isa = PBXGroup;
			children = (
				A4E8F0A724C0FD3300B7A26F /* Coordinator.swift */,
				A4E8F0A924C0FD3F00B7A26F /* AppCoordinator.swift */,
				A4E8F0AB24C0FD5100B7A26F /* StoryBoarded.swift */,
			);
			path = Coordinator;
			sourceTree = "<group>";
		};
		A4E8F0AD24C0FD5B00B7A26F /* Constants */ = {
			isa = PBXGroup;
			children = (
				A4E8F0AE24C0FD6B00B7A26F /* Constants.swift */,
			);
			path = Constants;
			sourceTree = "<group>";
		};
		A4E8F0B024C0FDD400B7A26F /* Tabs */ = {
			isa = PBXGroup;
			children = (
				A4E8F0FB24C10BBA00B7A26F /* TabBarCoordinator.swift */,
				A4E8F0B124C0FE3700B7A26F /* BrowseTags */,
				A4E8F0B224C0FE4300B7A26F /* CommsList */,
			);
			path = Tabs;
			sourceTree = "<group>";
		};
		A4E8F0B124C0FE3700B7A26F /* BrowseTags */ = {
			isa = PBXGroup;
			children = (
				A4E8F0EF24C1084700B7A26F /* AddTags */,
				A4E8F0E424C106F600B7A26F /* EditTags */,
				A4E8F0D724C1062400B7A26F /* Coordinator */,
				A4E8F0D824C1064100B7A26F /* Presenter */,
				A4E8F0D924C1065900B7A26F /* View */,
			);
			path = BrowseTags;
			sourceTree = "<group>";
		};
		A4E8F0B224C0FE4300B7A26F /* CommsList */ = {
			isa = PBXGroup;
			children = (
				3D3A1C8A24D835B800ED2026 /* PreviewComms */,
				A491B82624CED7CB0069559A /* ShowCategories */,
				7134097F24CD6E64001C7A8F /* EditComms */,
				71ABAD8824C325A200E48992 /* CommsDetail */,
				71ABAD7D24C324AF00E48992 /* AddComms */,
				A4E8F0B324C0FFD100B7A26F /* Coordinator */,
				A4E8F0B424C0FFDA00B7A26F /* Presenter */,
				A4E8F0B524C0FFE400B7A26F /* View */,
			);
			path = CommsList;
			sourceTree = "<group>";
		};
		A4E8F0B324C0FFD100B7A26F /* Coordinator */ = {
			isa = PBXGroup;
			children = (
				A4E8F0B624C1001B00B7A26F /* CommsCoordinator.swift */,
			);
			path = Coordinator;
			sourceTree = "<group>";
		};
		A4E8F0B424C0FFDA00B7A26F /* Presenter */ = {
			isa = PBXGroup;
			children = (
				A4E8F0B824C1002E00B7A26F /* CommsListPresenterProcol.swift */,
				A4E8F0BA24C1004600B7A26F /* CommsListPresenter.swift */,
			);
			path = Presenter;
			sourceTree = "<group>";
		};
		A4E8F0B524C0FFE400B7A26F /* View */ = {
			isa = PBXGroup;
			children = (
				71ABADB524C5A95A00E48992 /* CommsCell */,
				71ABAD9324C3267C00E48992 /* CommsListViewController.swift */,
				71ABAD9524C3269600E48992 /* CommsList.storyboard */,
			);
			path = View;
			sourceTree = "<group>";
		};
		A4E8F0D724C1062400B7A26F /* Coordinator */ = {
			isa = PBXGroup;
			children = (
				A4E8F0DA24C1067B00B7A26F /* BrowseTagsCoordinator.swift */,
			);
			path = Coordinator;
			sourceTree = "<group>";
		};
		A4E8F0D824C1064100B7A26F /* Presenter */ = {
			isa = PBXGroup;
			children = (
				A4E8F0DC24C1069100B7A26F /* BrowseTagsPresenter.swift */,
				A4E8F0DE24C106A500B7A26F /* BrowseTagsPresenterProtocol.swift */,
			);
			path = Presenter;
			sourceTree = "<group>";
		};
		A4E8F0D924C1065900B7A26F /* View */ = {
			isa = PBXGroup;
			children = (
				A4E8F0E024C106BE00B7A26F /* BrowseTagsViewController.swift */,
				A4E8F0E224C106CA00B7A26F /* BrowseTags.storyboard */,
			);
			path = View;
			sourceTree = "<group>";
		};
		A4E8F0E424C106F600B7A26F /* EditTags */ = {
			isa = PBXGroup;
			children = (
				A4E8F0E624C1070300B7A26F /* Presenter */,
				A4E8F0E524C106FF00B7A26F /* View */,
			);
			path = EditTags;
			sourceTree = "<group>";
		};
		A4E8F0E524C106FF00B7A26F /* View */ = {
			isa = PBXGroup;
			children = (
				A4E8F0EB24C107B800B7A26F /* EditTagsViewController.swift */,
				A4E8F0ED24C107C200B7A26F /* EditTags.storyboard */,
			);
			path = View;
			sourceTree = "<group>";
		};
		A4E8F0E624C1070300B7A26F /* Presenter */ = {
			isa = PBXGroup;
			children = (
				A4E8F0E724C1079200B7A26F /* EditTagsPresenter.swift */,
				A4E8F0E924C107A000B7A26F /* EditTagsPresenterProtocol.swift */,
			);
			path = Presenter;
			sourceTree = "<group>";
		};
		A4E8F0EF24C1084700B7A26F /* AddTags */ = {
			isa = PBXGroup;
			children = (
				A4E8F0F124C1086800B7A26F /* Presenter */,
				A4E8F0F024C1085D00B7A26F /* View */,
			);
			path = AddTags;
			sourceTree = "<group>";
		};
		A4E8F0F024C1085D00B7A26F /* View */ = {
			isa = PBXGroup;
			children = (
				A4E8F0F624C108A100B7A26F /* AddTagViewController.swift */,
				A4E8F0F824C1090D00B7A26F /* AddTag.storyboard */,
			);
			path = View;
			sourceTree = "<group>";
		};
		A4E8F0F124C1086800B7A26F /* Presenter */ = {
			isa = PBXGroup;
			children = (
				A4E8F0F224C1088300B7A26F /* AddTagPresenter.swift */,
				A4E8F0F424C1089100B7A26F /* AddTagPresenterProtocol.swift */,
			);
			path = Presenter;
			sourceTree = "<group>";
		};
		A4E8F0FA24C10B6600B7A26F /* Login */ = {
			isa = PBXGroup;
			children = (
				A4E8F0FF24C10BE700B7A26F /* Coordinator */,
				A4E8F0FE24C10BD900B7A26F /* Presenter */,
				A4E8F0FD24C10BD000B7A26F /* View */,
			);
			path = Login;
			sourceTree = "<group>";
		};
		A4E8F0FD24C10BD000B7A26F /* View */ = {
			isa = PBXGroup;
			children = (
				A4E8F10724C10C4E00B7A26F /* LoginViewController.swift */,
				A4E8F10924C10C5C00B7A26F /* Login.storyboard */,
			);
			path = View;
			sourceTree = "<group>";
		};
		A4E8F0FE24C10BD900B7A26F /* Presenter */ = {
			isa = PBXGroup;
			children = (
				A4E8F10324C10C3700B7A26F /* LoginPresenterProtocol.swift */,
				A4E8F10524C10C4200B7A26F /* LoginPresenter.swift */,
			);
			path = Presenter;
			sourceTree = "<group>";
		};
		A4E8F0FF24C10BE700B7A26F /* Coordinator */ = {
			isa = PBXGroup;
			children = (
				A4E8F10024C10C2100B7A26F /* LoginCoordinator.swift */,
			);
			path = Coordinator;
			sourceTree = "<group>";
		};
		A4E8F10B24C10C7E00B7A26F /* Services */ = {
			isa = PBXGroup;
			children = (
				A4E8F11024C5C68D00B7A26F /* PostRequest.swift */,
				D282019F24C71F3800CD15DD /* CustomActionSheet.swift */,
				702C115C24C5B9A600799497 /* API Service */,
				702C115524C5B5CB00799497 /* Models */,
			);
			path = Services;
			sourceTree = "<group>";
		};
		D282019C24C59F8D00CD15DD /* Models */ = {
			isa = PBXGroup;
			children = (
				D282019D24C59FE100CD15DD /* ComsContent.swift */,
			);
			path = Models;
			sourceTree = "<group>";
		};
		D28201A324C8443100CD15DD /* Mocks */ = {
			isa = PBXGroup;
			children = (
				D28201A424C8447E00CD15DD /* MockAddCommsPresenter.swift */,
			);
			path = Mocks;
			sourceTree = "<group>";
		};
		D28201A624C8455800CD15DD /* Tabs */ = {
			isa = PBXGroup;
			children = (
				D28201A724C8456300CD15DD /* CommsList */,
			);
			path = Tabs;
			sourceTree = "<group>";
		};
		D28201A724C8456300CD15DD /* CommsList */ = {
			isa = PBXGroup;
			children = (
				D28201A824C8456F00CD15DD /* AddComms */,
			);
			path = CommsList;
			sourceTree = "<group>";
		};
		D28201A824C8456F00CD15DD /* AddComms */ = {
			isa = PBXGroup;
			children = (
				D28201AA24C845C600CD15DD /* View */,
				D28201A924C845C000CD15DD /* Presenter */,
				D28201A324C8443100CD15DD /* Mocks */,
			);
			path = AddComms;
			sourceTree = "<group>";
		};
		D28201A924C845C000CD15DD /* Presenter */ = {
			isa = PBXGroup;
			children = (
				D28201AB24C8462100CD15DD /* AddCommsPresenterTests.swift */,
			);
			path = Presenter;
			sourceTree = "<group>";
		};
		D28201AA24C845C600CD15DD /* View */ = {
			isa = PBXGroup;
			children = (
			);
			path = View;
			sourceTree = "<group>";
		};
		D2ACCDDF24D07ABB000A4C2B /* UIComponents */ = {
			isa = PBXGroup;
			children = (
				D2ACCDE224D07B40000A4C2B /* LabelButton.swift */,
			);
			path = UIComponents;
			sourceTree = "<group>";
		};
		DA16121C00B257EFD1955AEC /* Pods */ = {
			isa = PBXGroup;
			children = (
				1E04CAA0DF92A24A31A88343 /* Pods-IosSummerProject.debug.xcconfig */,
				FFFDF5139D4752466148633B /* Pods-IosSummerProject.release.xcconfig */,
			);
			path = Pods;
			sourceTree = "<group>";
		};
/* End PBXGroup section */

/* Begin PBXNativeTarget section */
		71ABADAA24C57EDF00E48992 /* IosSummerProjectTests */ = {
			isa = PBXNativeTarget;
			buildConfigurationList = 71ABADB224C57EDF00E48992 /* Build configuration list for PBXNativeTarget "IosSummerProjectTests" */;
			buildPhases = (
				71ABADA724C57EDF00E48992 /* Sources */,
				71ABADA824C57EDF00E48992 /* Frameworks */,
				71ABADA924C57EDF00E48992 /* Resources */,
			);
			buildRules = (
			);
			dependencies = (
				71ABADB124C57EDF00E48992 /* PBXTargetDependency */,
			);
			name = IosSummerProjectTests;
			productName = IosSummerProjectTests;
			productReference = 71ABADAB24C57EDF00E48992 /* IosSummerProjectTests.xctest */;
			productType = "com.apple.product-type.bundle.unit-test";
		};
		A4E8F08B24C0FC5C00B7A26F /* IosSummerProject */ = {
			isa = PBXNativeTarget;
			buildConfigurationList = A4E8F0A024C0FC5E00B7A26F /* Build configuration list for PBXNativeTarget "IosSummerProject" */;
			buildPhases = (
				C9E2B73AF2F9218AD9732915 /* [CP] Check Pods Manifest.lock */,
				A4E8F08824C0FC5C00B7A26F /* Sources */,
				A4E8F08924C0FC5C00B7A26F /* Frameworks */,
				A4E8F08A24C0FC5C00B7A26F /* Resources */,
				B958CE5F6A8E88914E654787 /* [CP] Embed Pods Frameworks */,
				2853F424B43B6E9E33EC15E3 /* [CP] Copy Pods Resources */,
			);
			buildRules = (
			);
			dependencies = (
			);
			name = IosSummerProject;
			productName = IosSummerProject;
			productReference = A4E8F08C24C0FC5C00B7A26F /* IosSummerProject.app */;
			productType = "com.apple.product-type.application";
		};
/* End PBXNativeTarget section */

/* Begin PBXProject section */
		A4E8F08424C0FC5C00B7A26F /* Project object */ = {
			isa = PBXProject;
			attributes = {
				LastSwiftUpdateCheck = 1150;
				LastUpgradeCheck = 1160;
				ORGANIZATIONNAME = "Liiban Mukhtar";
				TargetAttributes = {
					71ABADAA24C57EDF00E48992 = {
						CreatedOnToolsVersion = 11.5;
						TestTargetID = A4E8F08B24C0FC5C00B7A26F;
					};
					A4E8F08B24C0FC5C00B7A26F = {
						CreatedOnToolsVersion = 11.6;
					};
				};
			};
			buildConfigurationList = A4E8F08724C0FC5C00B7A26F /* Build configuration list for PBXProject "IosSummerProject" */;
			compatibilityVersion = "Xcode 9.3";
			developmentRegion = en;
			hasScannedForEncodings = 0;
			knownRegions = (
				en,
				Base,
			);
			mainGroup = A4E8F08324C0FC5C00B7A26F;
			productRefGroup = A4E8F08D24C0FC5C00B7A26F /* Products */;
			projectDirPath = "";
			projectRoot = "";
			targets = (
				A4E8F08B24C0FC5C00B7A26F /* IosSummerProject */,
				71ABADAA24C57EDF00E48992 /* IosSummerProjectTests */,
			);
		};
/* End PBXProject section */

/* Begin PBXResourcesBuildPhase section */
		71ABADA924C57EDF00E48992 /* Resources */ = {
			isa = PBXResourcesBuildPhase;
			buildActionMask = 2147483647;
			files = (
			);
			runOnlyForDeploymentPostprocessing = 0;
		};
		A4E8F08A24C0FC5C00B7A26F /* Resources */ = {
			isa = PBXResourcesBuildPhase;
			buildActionMask = 2147483647;
			files = (
				7134098524CD6EA0001C7A8F /* EditComms.storyboard in Resources */,
				71ABADB924C5A99400E48992 /* CommsCell.xib in Resources */,
				71ABAD9624C3269600E48992 /* CommsList.storyboard in Resources */,
				71ABAD8224C324E700E48992 /* AddComms.storyboard in Resources */,
				A491B82C24CED8190069559A /* ShowCategories.storyboard in Resources */,
				A491B83524CEF1AB0069559A /* CategoryCell.xib in Resources */,
				A4E8F09C24C0FC5E00B7A26F /* LaunchScreen.storyboard in Resources */,
				A4E8F0E324C106CA00B7A26F /* BrowseTags.storyboard in Resources */,
				A4E8F09924C0FC5E00B7A26F /* Assets.xcassets in Resources */,
				71127A0024D15656005FC4A3 /* Poppins-Regular.ttf in Resources */,
				A4E8F09724C0FC5C00B7A26F /* Main.storyboard in Resources */,
				A4E8F0EE24C107C200B7A26F /* EditTags.storyboard in Resources */,
				A4E8F10A24C10C5C00B7A26F /* Login.storyboard in Resources */,
				A4E8F0F924C1090D00B7A26F /* AddTag.storyboard in Resources */,
				71ABAD8D24C325D900E48992 /* CommsDetail.storyboard in Resources */,
				3D3A1C9024D835EC00ED2026 /* PreviewComms.storyboard in Resources */,
			);
			runOnlyForDeploymentPostprocessing = 0;
		};
/* End PBXResourcesBuildPhase section */

/* Begin PBXShellScriptBuildPhase section */
		2853F424B43B6E9E33EC15E3 /* [CP] Copy Pods Resources */ = {
			isa = PBXShellScriptBuildPhase;
			buildActionMask = 2147483647;
			files = (
			);
			inputFileListPaths = (
				"${PODS_ROOT}/Target Support Files/Pods-IosSummerProject/Pods-IosSummerProject-resources-${CONFIGURATION}-input-files.xcfilelist",
			);
			name = "[CP] Copy Pods Resources";
			outputFileListPaths = (
				"${PODS_ROOT}/Target Support Files/Pods-IosSummerProject/Pods-IosSummerProject-resources-${CONFIGURATION}-output-files.xcfilelist",
			);
			runOnlyForDeploymentPostprocessing = 0;
			shellPath = /bin/sh;
			shellScript = "\"${PODS_ROOT}/Target Support Files/Pods-IosSummerProject/Pods-IosSummerProject-resources.sh\"\n";
			showEnvVarsInLog = 0;
		};
		B958CE5F6A8E88914E654787 /* [CP] Embed Pods Frameworks */ = {
			isa = PBXShellScriptBuildPhase;
			buildActionMask = 2147483647;
			files = (
			);
			inputFileListPaths = (
				"${PODS_ROOT}/Target Support Files/Pods-IosSummerProject/Pods-IosSummerProject-frameworks-${CONFIGURATION}-input-files.xcfilelist",
			);
			name = "[CP] Embed Pods Frameworks";
			outputFileListPaths = (
				"${PODS_ROOT}/Target Support Files/Pods-IosSummerProject/Pods-IosSummerProject-frameworks-${CONFIGURATION}-output-files.xcfilelist",
			);
			runOnlyForDeploymentPostprocessing = 0;
			shellPath = /bin/sh;
			shellScript = "\"${PODS_ROOT}/Target Support Files/Pods-IosSummerProject/Pods-IosSummerProject-frameworks.sh\"\n";
			showEnvVarsInLog = 0;
		};
		C9E2B73AF2F9218AD9732915 /* [CP] Check Pods Manifest.lock */ = {
			isa = PBXShellScriptBuildPhase;
			buildActionMask = 2147483647;
			files = (
			);
			inputFileListPaths = (
			);
			inputPaths = (
				"${PODS_PODFILE_DIR_PATH}/Podfile.lock",
				"${PODS_ROOT}/Manifest.lock",
			);
			name = "[CP] Check Pods Manifest.lock";
			outputFileListPaths = (
			);
			outputPaths = (
				"$(DERIVED_FILE_DIR)/Pods-IosSummerProject-checkManifestLockResult.txt",
			);
			runOnlyForDeploymentPostprocessing = 0;
			shellPath = /bin/sh;
			shellScript = "diff \"${PODS_PODFILE_DIR_PATH}/Podfile.lock\" \"${PODS_ROOT}/Manifest.lock\" > /dev/null\nif [ $? != 0 ] ; then\n    # print error to STDERR\n    echo \"error: The sandbox is not in sync with the Podfile.lock. Run 'pod install' or update your CocoaPods installation.\" >&2\n    exit 1\nfi\n# This output is used by Xcode 'outputs' to avoid re-running this script phase.\necho \"SUCCESS\" > \"${SCRIPT_OUTPUT_FILE_0}\"\n";
			showEnvVarsInLog = 0;
		};
/* End PBXShellScriptBuildPhase section */

/* Begin PBXSourcesBuildPhase section */
		71ABADA724C57EDF00E48992 /* Sources */ = {
			isa = PBXSourcesBuildPhase;
			buildActionMask = 2147483647;
			files = (
				D28201AC24C8462100CD15DD /* AddCommsPresenterTests.swift in Sources */,
				D28201A224C842D900CD15DD /* AddCommsViewControllerTests.swift in Sources */,
				71ABADBF24C883CF00E48992 /* CommsListViewControllerTests.swift in Sources */,
				702C116C24CECAF600799497 /* MockCommsListPresenterDelegate.swift in Sources */,
				702C117024CECB2100799497 /* MockApiService.swift in Sources */,
				71ABADAE24C57EDF00E48992 /* IosSummerProjectTests.swift in Sources */,
				71ABADC224C8849500E48992 /* MockCommsListPresenter.swift in Sources */,
				702C116E24CECB1000799497 /* MockCommsListPresenterView.swift in Sources */,
				702C117224CECB9000799497 /* CommsListPresenterTests.swift in Sources */,
			);
			runOnlyForDeploymentPostprocessing = 0;
		};
		A4E8F08824C0FC5C00B7A26F /* Sources */ = {
			isa = PBXSourcesBuildPhase;
			buildActionMask = 2147483647;
			files = (
				A4E8F10424C10C3700B7A26F /* LoginPresenterProtocol.swift in Sources */,
				3D3A1C9424D8363C00ED2026 /* PreviewCommsPresenterProtocol.swift in Sources */,
				71ABAD9024C325F100E48992 /* CommsDetailPresenter.swift in Sources */,
				A4E8F0E124C106BE00B7A26F /* BrowseTagsViewController.swift in Sources */,
				A4E8F0A824C0FD3300B7A26F /* Coordinator.swift in Sources */,
				A491B82E24CED82F0069559A /* ShowCategoriesPresenter.swift in Sources */,
				D28201A524C8447E00CD15DD /* MockAddCommsPresenter.swift in Sources */,
				A4E8F0EC24C107B800B7A26F /* EditTagsViewController.swift in Sources */,
				A4E8F0EA24C107A000B7A26F /* EditTagsPresenterProtocol.swift in Sources */,
				71ABAD8524C3254000E48992 /* AddCommsPresenter.swift in Sources */,
				7134098924CD6EBA001C7A8F /* EditCommsPresenterProtocol.swift in Sources */,
				A4E8F0F724C108A100B7A26F /* AddTagViewController.swift in Sources */,
				A4E8F0DD24C1069100B7A26F /* BrowseTagsPresenter.swift in Sources */,
				A4E8F09424C0FC5C00B7A26F /* ViewController.swift in Sources */,
				A4E8F0FC24C10BBA00B7A26F /* TabBarCoordinator.swift in Sources */,
				3D3A1C8E24D835DF00ED2026 /* PreviewCommsViewController.swift in Sources */,
				A491B83024CED8430069559A /* ShowCategoriesPresenterProtocol.swift in Sources */,
				A491B83424CEF1AB0069559A /* CategoryCell.swift in Sources */,
				71ABAD8724C3254D00E48992 /* AddCommsPresenterProtocol.swift in Sources */,
				A4E8F10824C10C4E00B7A26F /* LoginViewController.swift in Sources */,
				702C115924C5B73200799497 /* User.swift in Sources */,
				A491B82A24CED8060069559A /* ShowCategoriesViewController.swift in Sources */,
				7134098724CD6EAF001C7A8F /* EditCommsPresenter.swift in Sources */,
				A4E8F0AA24C0FD3F00B7A26F /* AppCoordinator.swift in Sources */,
				702C115724C5B5FB00799497 /* Article.swift in Sources */,
				71ABAD8024C324CF00E48992 /* AddCommsViewController.swift in Sources */,
				A4E8F11124C5C68D00B7A26F /* PostRequest.swift in Sources */,
				A4E8F0AC24C0FD5100B7A26F /* StoryBoarded.swift in Sources */,
				A4E8F0DB24C1067B00B7A26F /* BrowseTagsCoordinator.swift in Sources */,
				A4E8F10624C10C4200B7A26F /* LoginPresenter.swift in Sources */,
				A4E8F0B924C1002E00B7A26F /* CommsListPresenterProcol.swift in Sources */,
				A4E8F0DF24C106A500B7A26F /* BrowseTagsPresenterProtocol.swift in Sources */,
				7134098324CD6E93001C7A8F /* EditCommsViewController.swift in Sources */,
				71ABAD8B24C325C300E48992 /* CommsDetailViewController.swift in Sources */,
				3D3A1C9224D8362F00ED2026 /* PreviewCommsPresenter.swift in Sources */,
				702C115E24C5B9D000799497 /* ApiService.swift in Sources */,
				702C115B24C5B73F00799497 /* Category.swift in Sources */,
				A4E8F0B724C1001B00B7A26F /* CommsCoordinator.swift in Sources */,
				D2ACCDE324D07B40000A4C2B /* LabelButton.swift in Sources */,
				A4E8F10124C10C2100B7A26F /* LoginCoordinator.swift in Sources */,
				A4E8F0F324C1088300B7A26F /* AddTagPresenter.swift in Sources */,
				A4E8F0AF24C0FD6B00B7A26F /* Constants.swift in Sources */,
				D282019E24C59FE100CD15DD /* ComsContent.swift in Sources */,
				A4E8F09024C0FC5C00B7A26F /* AppDelegate.swift in Sources */,
				71ABADB824C5A99400E48992 /* CommsCell.swift in Sources */,
				A4E8F0F524C1089100B7A26F /* AddTagPresenterProtocol.swift in Sources */,
				71ABAD9224C325FD00E48992 /* CommsDetailPresenterProtocol.swift in Sources */,
				71ABAD9424C3267C00E48992 /* CommsListViewController.swift in Sources */,
				A4E8F0BB24C1004600B7A26F /* CommsListPresenter.swift in Sources */,
				A4E8F09224C0FC5C00B7A26F /* SceneDelegate.swift in Sources */,
				A4E8F0E824C1079200B7A26F /* EditTagsPresenter.swift in Sources */,
				D28201A024C71F3800CD15DD /* CustomActionSheet.swift in Sources */,
			);
			runOnlyForDeploymentPostprocessing = 0;
		};
/* End PBXSourcesBuildPhase section */

/* Begin PBXTargetDependency section */
		71ABADB124C57EDF00E48992 /* PBXTargetDependency */ = {
			isa = PBXTargetDependency;
			target = A4E8F08B24C0FC5C00B7A26F /* IosSummerProject */;
			targetProxy = 71ABADB024C57EDF00E48992 /* PBXContainerItemProxy */;
		};
/* End PBXTargetDependency section */

/* Begin PBXVariantGroup section */
		A4E8F09524C0FC5C00B7A26F /* Main.storyboard */ = {
			isa = PBXVariantGroup;
			children = (
				A4E8F09624C0FC5C00B7A26F /* Base */,
			);
			name = Main.storyboard;
			sourceTree = "<group>";
		};
		A4E8F09A24C0FC5E00B7A26F /* LaunchScreen.storyboard */ = {
			isa = PBXVariantGroup;
			children = (
				A4E8F09B24C0FC5E00B7A26F /* Base */,
			);
			name = LaunchScreen.storyboard;
			sourceTree = "<group>";
		};
/* End PBXVariantGroup section */

/* Begin XCBuildConfiguration section */
		71ABADB324C57EDF00E48992 /* Debug */ = {
			isa = XCBuildConfiguration;
			buildSettings = {
				BUNDLE_LOADER = "$(TEST_HOST)";
				CODE_SIGN_STYLE = Automatic;
				INFOPLIST_FILE = IosSummerProjectTests/Info.plist;
				IPHONEOS_DEPLOYMENT_TARGET = 13.5;
				LD_RUNPATH_SEARCH_PATHS = (
					"$(inherited)",
					"@executable_path/Frameworks",
					"@loader_path/Frameworks",
				);
				PRODUCT_BUNDLE_IDENTIFIER = "ios-stream-summercamp-build-project.IosSummerProjectTests";
				PRODUCT_NAME = "$(TARGET_NAME)";
				SWIFT_VERSION = 5.0;
				TARGETED_DEVICE_FAMILY = "1,2";
				TEST_HOST = "$(BUILT_PRODUCTS_DIR)/IosSummerProject.app/IosSummerProject";
			};
			name = Debug;
		};
		71ABADB424C57EDF00E48992 /* Release */ = {
			isa = XCBuildConfiguration;
			buildSettings = {
				BUNDLE_LOADER = "$(TEST_HOST)";
				CODE_SIGN_STYLE = Automatic;
				INFOPLIST_FILE = IosSummerProjectTests/Info.plist;
				IPHONEOS_DEPLOYMENT_TARGET = 13.5;
				LD_RUNPATH_SEARCH_PATHS = (
					"$(inherited)",
					"@executable_path/Frameworks",
					"@loader_path/Frameworks",
				);
				PRODUCT_BUNDLE_IDENTIFIER = "ios-stream-summercamp-build-project.IosSummerProjectTests";
				PRODUCT_NAME = "$(TARGET_NAME)";
				SWIFT_VERSION = 5.0;
				TARGETED_DEVICE_FAMILY = "1,2";
				TEST_HOST = "$(BUILT_PRODUCTS_DIR)/IosSummerProject.app/IosSummerProject";
			};
			name = Release;
		};
		A4E8F09E24C0FC5E00B7A26F /* Debug */ = {
			isa = XCBuildConfiguration;
			buildSettings = {
				ALWAYS_SEARCH_USER_PATHS = NO;
				CLANG_ANALYZER_NONNULL = YES;
				CLANG_ANALYZER_NUMBER_OBJECT_CONVERSION = YES_AGGRESSIVE;
				CLANG_CXX_LANGUAGE_STANDARD = "gnu++14";
				CLANG_CXX_LIBRARY = "libc++";
				CLANG_ENABLE_MODULES = YES;
				CLANG_ENABLE_OBJC_ARC = YES;
				CLANG_ENABLE_OBJC_WEAK = YES;
				CLANG_WARN_BLOCK_CAPTURE_AUTORELEASING = YES;
				CLANG_WARN_BOOL_CONVERSION = YES;
				CLANG_WARN_COMMA = YES;
				CLANG_WARN_CONSTANT_CONVERSION = YES;
				CLANG_WARN_DEPRECATED_OBJC_IMPLEMENTATIONS = YES;
				CLANG_WARN_DIRECT_OBJC_ISA_USAGE = YES_ERROR;
				CLANG_WARN_DOCUMENTATION_COMMENTS = YES;
				CLANG_WARN_EMPTY_BODY = YES;
				CLANG_WARN_ENUM_CONVERSION = YES;
				CLANG_WARN_INFINITE_RECURSION = YES;
				CLANG_WARN_INT_CONVERSION = YES;
				CLANG_WARN_NON_LITERAL_NULL_CONVERSION = YES;
				CLANG_WARN_OBJC_IMPLICIT_RETAIN_SELF = YES;
				CLANG_WARN_OBJC_LITERAL_CONVERSION = YES;
				CLANG_WARN_OBJC_ROOT_CLASS = YES_ERROR;
				CLANG_WARN_RANGE_LOOP_ANALYSIS = YES;
				CLANG_WARN_STRICT_PROTOTYPES = YES;
				CLANG_WARN_SUSPICIOUS_MOVE = YES;
				CLANG_WARN_UNGUARDED_AVAILABILITY = YES_AGGRESSIVE;
				CLANG_WARN_UNREACHABLE_CODE = YES;
				CLANG_WARN__DUPLICATE_METHOD_MATCH = YES;
				COPY_PHASE_STRIP = NO;
				DEBUG_INFORMATION_FORMAT = dwarf;
				ENABLE_STRICT_OBJC_MSGSEND = YES;
				ENABLE_TESTABILITY = YES;
				GCC_C_LANGUAGE_STANDARD = gnu11;
				GCC_DYNAMIC_NO_PIC = NO;
				GCC_NO_COMMON_BLOCKS = YES;
				GCC_OPTIMIZATION_LEVEL = 0;
				GCC_PREPROCESSOR_DEFINITIONS = (
					"DEBUG=1",
					"$(inherited)",
				);
				GCC_WARN_64_TO_32_BIT_CONVERSION = YES;
				GCC_WARN_ABOUT_RETURN_TYPE = YES_ERROR;
				GCC_WARN_UNDECLARED_SELECTOR = YES;
				GCC_WARN_UNINITIALIZED_AUTOS = YES_AGGRESSIVE;
				GCC_WARN_UNUSED_FUNCTION = YES;
				GCC_WARN_UNUSED_VARIABLE = YES;
				IPHONEOS_DEPLOYMENT_TARGET = 13.6;
				MTL_ENABLE_DEBUG_INFO = INCLUDE_SOURCE;
				MTL_FAST_MATH = YES;
				ONLY_ACTIVE_ARCH = YES;
				SDKROOT = iphoneos;
				SWIFT_ACTIVE_COMPILATION_CONDITIONS = DEBUG;
				SWIFT_OPTIMIZATION_LEVEL = "-Onone";
			};
			name = Debug;
		};
		A4E8F09F24C0FC5E00B7A26F /* Release */ = {
			isa = XCBuildConfiguration;
			buildSettings = {
				ALWAYS_SEARCH_USER_PATHS = NO;
				CLANG_ANALYZER_NONNULL = YES;
				CLANG_ANALYZER_NUMBER_OBJECT_CONVERSION = YES_AGGRESSIVE;
				CLANG_CXX_LANGUAGE_STANDARD = "gnu++14";
				CLANG_CXX_LIBRARY = "libc++";
				CLANG_ENABLE_MODULES = YES;
				CLANG_ENABLE_OBJC_ARC = YES;
				CLANG_ENABLE_OBJC_WEAK = YES;
				CLANG_WARN_BLOCK_CAPTURE_AUTORELEASING = YES;
				CLANG_WARN_BOOL_CONVERSION = YES;
				CLANG_WARN_COMMA = YES;
				CLANG_WARN_CONSTANT_CONVERSION = YES;
				CLANG_WARN_DEPRECATED_OBJC_IMPLEMENTATIONS = YES;
				CLANG_WARN_DIRECT_OBJC_ISA_USAGE = YES_ERROR;
				CLANG_WARN_DOCUMENTATION_COMMENTS = YES;
				CLANG_WARN_EMPTY_BODY = YES;
				CLANG_WARN_ENUM_CONVERSION = YES;
				CLANG_WARN_INFINITE_RECURSION = YES;
				CLANG_WARN_INT_CONVERSION = YES;
				CLANG_WARN_NON_LITERAL_NULL_CONVERSION = YES;
				CLANG_WARN_OBJC_IMPLICIT_RETAIN_SELF = YES;
				CLANG_WARN_OBJC_LITERAL_CONVERSION = YES;
				CLANG_WARN_OBJC_ROOT_CLASS = YES_ERROR;
				CLANG_WARN_RANGE_LOOP_ANALYSIS = YES;
				CLANG_WARN_STRICT_PROTOTYPES = YES;
				CLANG_WARN_SUSPICIOUS_MOVE = YES;
				CLANG_WARN_UNGUARDED_AVAILABILITY = YES_AGGRESSIVE;
				CLANG_WARN_UNREACHABLE_CODE = YES;
				CLANG_WARN__DUPLICATE_METHOD_MATCH = YES;
				COPY_PHASE_STRIP = NO;
				DEBUG_INFORMATION_FORMAT = "dwarf-with-dsym";
				ENABLE_NS_ASSERTIONS = NO;
				ENABLE_STRICT_OBJC_MSGSEND = YES;
				GCC_C_LANGUAGE_STANDARD = gnu11;
				GCC_NO_COMMON_BLOCKS = YES;
				GCC_WARN_64_TO_32_BIT_CONVERSION = YES;
				GCC_WARN_ABOUT_RETURN_TYPE = YES_ERROR;
				GCC_WARN_UNDECLARED_SELECTOR = YES;
				GCC_WARN_UNINITIALIZED_AUTOS = YES_AGGRESSIVE;
				GCC_WARN_UNUSED_FUNCTION = YES;
				GCC_WARN_UNUSED_VARIABLE = YES;
				IPHONEOS_DEPLOYMENT_TARGET = 13.6;
				MTL_ENABLE_DEBUG_INFO = NO;
				MTL_FAST_MATH = YES;
				SDKROOT = iphoneos;
				SWIFT_COMPILATION_MODE = wholemodule;
				SWIFT_OPTIMIZATION_LEVEL = "-O";
				VALIDATE_PRODUCT = YES;
			};
			name = Release;
		};
		A4E8F0A124C0FC5E00B7A26F /* Debug */ = {
			isa = XCBuildConfiguration;
			baseConfigurationReference = 1E04CAA0DF92A24A31A88343 /* Pods-IosSummerProject.debug.xcconfig */;
			buildSettings = {
				ASSETCATALOG_COMPILER_APPICON_NAME = AppIcon;
				CODE_SIGN_ENTITLEMENTS = IosSummerProject/IosSummerProject.entitlements;
				CODE_SIGN_STYLE = Automatic;
				DEVELOPMENT_TEAM = 95XXQA45AL;
				INFOPLIST_FILE = IosSummerProject/Info.plist;
				IPHONEOS_DEPLOYMENT_TARGET = 13.1;
				LD_RUNPATH_SEARCH_PATHS = (
					"$(inherited)",
					"@executable_path/Frameworks",
				);
				PRODUCT_BUNDLE_IDENTIFIER = com.liibanmukhtar.IosSummerProject;
				PRODUCT_NAME = "$(TARGET_NAME)";
				SWIFT_VERSION = 5.0;
				TARGETED_DEVICE_FAMILY = "1,2";
			};
			name = Debug;
		};
		A4E8F0A224C0FC5E00B7A26F /* Release */ = {
			isa = XCBuildConfiguration;
			baseConfigurationReference = FFFDF5139D4752466148633B /* Pods-IosSummerProject.release.xcconfig */;
			buildSettings = {
				ASSETCATALOG_COMPILER_APPICON_NAME = AppIcon;
				CODE_SIGN_ENTITLEMENTS = IosSummerProject/IosSummerProject.entitlements;
				CODE_SIGN_STYLE = Automatic;
				DEVELOPMENT_TEAM = 95XXQA45AL;
				INFOPLIST_FILE = IosSummerProject/Info.plist;
				IPHONEOS_DEPLOYMENT_TARGET = 13.1;
				LD_RUNPATH_SEARCH_PATHS = (
					"$(inherited)",
					"@executable_path/Frameworks",
				);
				PRODUCT_BUNDLE_IDENTIFIER = com.liibanmukhtar.IosSummerProject;
				PRODUCT_NAME = "$(TARGET_NAME)";
				SWIFT_VERSION = 5.0;
				TARGETED_DEVICE_FAMILY = "1,2";
			};
			name = Release;
		};
/* End XCBuildConfiguration section */

/* Begin XCConfigurationList section */
		71ABADB224C57EDF00E48992 /* Build configuration list for PBXNativeTarget "IosSummerProjectTests" */ = {
			isa = XCConfigurationList;
			buildConfigurations = (
				71ABADB324C57EDF00E48992 /* Debug */,
				71ABADB424C57EDF00E48992 /* Release */,
			);
			defaultConfigurationIsVisible = 0;
			defaultConfigurationName = Release;
		};
		A4E8F08724C0FC5C00B7A26F /* Build configuration list for PBXProject "IosSummerProject" */ = {
			isa = XCConfigurationList;
			buildConfigurations = (
				A4E8F09E24C0FC5E00B7A26F /* Debug */,
				A4E8F09F24C0FC5E00B7A26F /* Release */,
			);
			defaultConfigurationIsVisible = 0;
			defaultConfigurationName = Release;
		};
		A4E8F0A024C0FC5E00B7A26F /* Build configuration list for PBXNativeTarget "IosSummerProject" */ = {
			isa = XCConfigurationList;
			buildConfigurations = (
				A4E8F0A124C0FC5E00B7A26F /* Debug */,
				A4E8F0A224C0FC5E00B7A26F /* Release */,
			);
			defaultConfigurationIsVisible = 0;
			defaultConfigurationName = Release;
		};
/* End XCConfigurationList section */
	};
	rootObject = A4E8F08424C0FC5C00B7A26F /* Project object */;
}
